
Microsoft Visual Studio Solution File, Format Version 12.00
# Visual Studio Version 17
VisualStudioVersion = 17.9.34728.123
MinimumVisualStudioVersion = 10.0.40219.1
Project("{2150E333-8FDC-42A3-9474-1A3956D46DE8}") = "src", "src", "{6711B2C7-0746-4A45-8E61-BA235480C06A}"
EndProject
Project("{2150E333-8FDC-42A3-9474-1A3956D46DE8}") = "tests", "tests", "{E888E2D4-A105-4B19-8A53-86DFDA724740}"
EndProject
Project("{2150E333-8FDC-42A3-9474-1A3956D46DE8}") = "Solution Items", "Solution Items", "{6E21585C-62F9-49D6-91CA-CFDA7A856FEB}"
	ProjectSection(SolutionItems) = preProject
		Directory.Build.props = Directory.Build.props
		Directory.Build.targets = Directory.Build.targets
	EndProjectSection
EndProject
Project("{FAE04EC0-301F-11D3-BF4B-00C04F79EFBC}") = "Krackend.EventSourcing", "src\Krackend.EventSourcing\Krackend.EventSourcing.csproj", "{1078F14A-F886-4BF7-8BEC-9E13668A1CED}"
EndProject
Project("{FAE04EC0-301F-11D3-BF4B-00C04F79EFBC}") = "Krackend.EventSourcing.Tests", "tests\Krackend.EventSourcing.Tests\Krackend.EventSourcing.Tests.csproj", "{19105B9C-A8B9-46B5-9656-780CA98C9A3F}"
EndProject
Project("{2150E333-8FDC-42A3-9474-1A3956D46DE8}") = "samples", "samples", "{5D20AA90-6969-D8BD-9DCD-8634F4692FDA}"
EndProject
Project("{FAE04EC0-301F-11D3-BF4B-00C04F79EFBC}") = "Krackend.EventSourcing.Sqlite.Sample", "samples\Krackend.EventSourcing.Sqlite.Sample\Krackend.EventSourcing.Sqlite.Sample.csproj", "{684A1052-CC2A-4023-9EB9-D7B801045CDA}"
EndProject
Project("{FAE04EC0-301F-11D3-BF4B-00C04F79EFBC}") = "Krackend.EventSourcing.Pelican.Sample", "samples\Krackend.EventSourcing.Pelican.Sample\Krackend.EventSourcing.Pelican.Sample.csproj", "{C3A9A6FF-AD83-4AD6-9A49-2860D3F7C988}"
EndProject
Project("{FAE04EC0-301F-11D3-BF4B-00C04F79EFBC}") = "Krackend.EventSourcing.Abstractions", "src\Krackend.EventSourcing.Abstractions\Krackend.EventSourcing.Abstractions.csproj", "{DCAFB1F9-A40A-428E-BEB5-2FB396B5295E}"
EndProject
Project("{FAE04EC0-301F-11D3-BF4B-00C04F79EFBC}") = "Krackend.EventSourcing.EntityFrameworkCore", "src\Krackend.EventSourcing.EntityFrameworkCore\Krackend.EventSourcing.EntityFrameworkCore.csproj", "{BE124EE0-16CA-4790-B652-DC1E7E9D2512}"
EndProject
Project("{FAE04EC0-301F-11D3-BF4B-00C04F79EFBC}") = "Krackend.EventSourcing.Projections", "src\Krackend.EventSourcing.Projections\Krackend.EventSourcing.Projections.csproj", "{A034C0CA-07B0-43E0-9D63-F8B3A25EC73A}"
EndProject
Project("{FAE04EC0-301F-11D3-BF4B-00C04F79EFBC}") = "Krackend.EventSourcing.Analyzers", "src\Krackend.EventSourcing.Analyzers\Krackend.EventSourcing.Analyzers.csproj", "{6AB71B0E-2DCE-4C96-A0A5-FE1B7BE72717}"
EndProject
Project("{FAE04EC0-301F-11D3-BF4B-00C04F79EFBC}") = "Krackend.EventSourcing.Testing", "src\Krackend.EventSourcing.Testing\Krackend.EventSourcing.Testing.csproj", "{363783F6-B512-4228-A413-F81027349471}"
EndProject
Project("{FAE04EC0-301F-11D3-BF4B-00C04F79EFBC}") = "Krackend.EventSourcing.Centralized.Sample", "samples\Krackend.EventSourcing.Centralized.Sample\Krackend.EventSourcing.Centralized.Sample.csproj", "{CB23D773-B534-467C-9A71-983CD3759FB9}"
EndProject
Project("{FAE04EC0-301F-11D3-BF4B-00C04F79EFBC}") = "Krackend.Sagas.Orchestrations.Abstractions", "src\Krackend.Sagas.Orchestrations.Abstractions\Krackend.Sagas.Orchestrations.Abstractions.csproj", "{C7F011B8-88FD-4933-9271-F5B52D591E27}"
EndProject
Project("{FAE04EC0-301F-11D3-BF4B-00C04F79EFBC}") = "Krackend.Sagas.Orchestrations.Messaging.Abstractions", "src\Krackend.Sagas.Orchestrations.Messaging.Abstractions\Krackend.Sagas.Orchestrations.Messaging.Abstractions.csproj", "{9B97515A-CF9F-49C1-811C-88C4311512CB}"
EndProject
Project("{FAE04EC0-301F-11D3-BF4B-00C04F79EFBC}") = "Krackend.Sagas.Orchestrations", "src\Krackend.Sagas.Orchestrations\Krackend.Sagas.Orchestrations.csproj", "{3D9A7FB1-237A-4045-ADCD-3FE3C47C56DF}"
EndProject
Project("{FAE04EC0-301F-11D3-BF4B-00C04F79EFBC}") = "Krackend.Sagas.Orchestrations.EntityFrameworkCore.SqlServer", "src\Krackend.Sagas.Orchestrations.EntityFrameworkCore.SqlServer\Krackend.Sagas.Orchestrations.EntityFrameworkCore.SqlServer.csproj", "{FD32CEA0-A7EC-40E6-BF68-22F86D4892EE}"
EndProject
Project("{FAE04EC0-301F-11D3-BF4B-00C04F79EFBC}") = "Krackend.Sagas.Orchestrations.Tests", "tests\Krackend.Sagas.Orchestrations.Tests\Krackend.Sagas.Orchestrations.Tests.csproj", "{1BB55A03-C989-443B-BD86-265F90BA6F83}"
EndProject
Project("{FAE04EC0-301F-11D3-BF4B-00C04F79EFBC}") = "Krackend.Sagas.Orchestrations.Messaging.Pigeon", "src\Krackend.Sagas.Orchestrations.Messaging.Pigeon\Krackend.Sagas.Orchestrations.Messaging.Pigeon.csproj", "{5AEAFD09-AE07-4429-B0BB-255330C1A24E}"
EndProject
Project("{FAE04EC0-301F-11D3-BF4B-00C04F79EFBC}") = "Krackend.Sagas.Orchestrations.Web", "src\Krackend.Sagas.Orchestrations.Web\Krackend.Sagas.Orchestrations.Web.csproj", "{C22D4844-AEA0-46CD-AF70-F11B24CDA66F}"
EndProject
Project("{FAE04EC0-301F-11D3-BF4B-00C04F79EFBC}") = "Krackend.Sagas.Orchestrations.RuntimeHost.Sample", "samples\Krackend.Sagas.Orchestrations.RuntimeHost.Sample\Krackend.Sagas.Orchestrations.RuntimeHost.Sample.csproj", "{2051433A-5693-4ABE-8734-524DCF4F78C5}"
EndProject
Project("{FAE04EC0-301F-11D3-BF4B-00C04F79EFBC}") = "Krackend.Sagas.Orchestrations.Contracts", "src\Krackend.Sagas.Orchestrations.Contracts\Krackend.Sagas.Orchestrations.Contracts.csproj", "{7C5E63A2-5D80-4695-A5D6-984E03534F43}"
EndProject
Project("{FAE04EC0-301F-11D3-BF4B-00C04F79EFBC}") = "Krackend.Sagas.Orchestrations.Design", "src\Krackend.Sagas.Orchestrations.Design\Krackend.Sagas.Orchestrations.Design.csproj", "{6BF56AC9-40FB-47F6-8CB9-1895A0FFABFF}"
EndProject
Project("{FAE04EC0-301F-11D3-BF4B-00C04F79EFBC}") = "Krackend.Sagas.Orchestrations.Design.Interaction", "src\Krackend.Sagas.Orchestrations.Design.Interaction\Krackend.Sagas.Orchestrations.Design.Interaction.csproj", "{C71A3126-74DD-4205-9D97-60B455F9F395}"
EndProject
Project("{FAE04EC0-301F-11D3-BF4B-00C04F79EFBC}") = "Krackend.Sagas.Orchestrations.Design.Storage.SqlServer", "src\Krackend.Sagas.Orchestrations.Design.Storage.SqlServer\Krackend.Sagas.Orchestrations.Design.Storage.SqlServer.csproj", "{0CC9E2A2-EAC9-4D22-BB38-B392E4A6F80F}"
EndProject
Project("{FAE04EC0-301F-11D3-BF4B-00C04F79EFBC}") = "Krackend.Sagas.Orchestrations.Security", "src\Krackend.Sagas.Orchestrations.Security\Krackend.Sagas.Orchestrations.Security.csproj", "{42646331-20E6-4605-A066-E709628BF90E}"
EndProject
Project("{FAE04EC0-301F-11D3-BF4B-00C04F79EFBC}") = "Krackend.Sagas.Orchestrations.Security.Interaction", "src\Krackend.Sagas.Orchestrations.Security.Interaction\Krackend.Sagas.Orchestrations.Security.Interaction.csproj", "{08F630B3-65D3-4B92-8A2C-5E13E0134B12}"
EndProject
Project("{FAE04EC0-301F-11D3-BF4B-00C04F79EFBC}") = "Krackend.Sagas.Orchestrations.Security.Storage.SqlServer", "src\Krackend.Sagas.Orchestrations.Security.Storage.SqlServer\Krackend.Sagas.Orchestrations.Security.Storage.SqlServer.csproj", "{4171A7DF-6351-4A09-9287-4912BDAA0967}"
EndProject
Project("{FAE04EC0-301F-11D3-BF4B-00C04F79EFBC}") = "Krackend.Sagas.Orchestrations.Distribution", "src\Krackend.Sagas.Orchestrations.Distribution\Krackend.Sagas.Orchestrations.Distribution.csproj", "{A93C6F60-C33B-461F-812E-0FE089F7C64A}"
EndProject
Project("{FAE04EC0-301F-11D3-BF4B-00C04F79EFBC}") = "Krackend.Sagas.Orchestrations.Distribution.Interaction", "src\Krackend.Sagas.Orchestrations.Distribution.Interaction\Krackend.Sagas.Orchestrations.Distribution.Interaction.csproj", "{C93931D0-A90F-4745-9E2F-283414A42DE7}"
EndProject
Project("{FAE04EC0-301F-11D3-BF4B-00C04F79EFBC}") = "Krackend.Sagas.Orchestrations.Distribution.Storage.SqlServer", "src\Krackend.Sagas.Orchestrations.Distribution.Storage.SqlServer\Krackend.Sagas.Orchestrations.Distribution.Storage.SqlServer.csproj", "{5943A277-4DF4-4F65-9B1A-6D82A08BC48D}"
EndProject
Global
	GlobalSection(SolutionConfigurationPlatforms) = preSolution
		Debug|Any CPU = Debug|Any CPU
		Debug|x64 = Debug|x64
		Debug|x86 = Debug|x86
		Release|Any CPU = Release|Any CPU
		Release|x64 = Release|x64
		Release|x86 = Release|x86
	EndGlobalSection
	GlobalSection(ProjectConfigurationPlatforms) = postSolution
		{1078F14A-F886-4BF7-8BEC-9E13668A1CED}.Debug|Any CPU.ActiveCfg = Debug|Any CPU
		{1078F14A-F886-4BF7-8BEC-9E13668A1CED}.Debug|Any CPU.Build.0 = Debug|Any CPU
		{1078F14A-F886-4BF7-8BEC-9E13668A1CED}.Debug|x64.ActiveCfg = Debug|Any CPU
		{1078F14A-F886-4BF7-8BEC-9E13668A1CED}.Debug|x64.Build.0 = Debug|Any CPU
		{1078F14A-F886-4BF7-8BEC-9E13668A1CED}.Debug|x86.ActiveCfg = Debug|Any CPU
		{1078F14A-F886-4BF7-8BEC-9E13668A1CED}.Debug|x86.Build.0 = Debug|Any CPU
		{1078F14A-F886-4BF7-8BEC-9E13668A1CED}.Release|Any CPU.ActiveCfg = Release|Any CPU
		{1078F14A-F886-4BF7-8BEC-9E13668A1CED}.Release|Any CPU.Build.0 = Release|Any CPU
		{1078F14A-F886-4BF7-8BEC-9E13668A1CED}.Release|x64.ActiveCfg = Release|Any CPU
		{1078F14A-F886-4BF7-8BEC-9E13668A1CED}.Release|x64.Build.0 = Release|Any CPU
		{1078F14A-F886-4BF7-8BEC-9E13668A1CED}.Release|x86.ActiveCfg = Release|Any CPU
		{1078F14A-F886-4BF7-8BEC-9E13668A1CED}.Release|x86.Build.0 = Release|Any CPU
		{19105B9C-A8B9-46B5-9656-780CA98C9A3F}.Debug|Any CPU.ActiveCfg = Debug|Any CPU
		{19105B9C-A8B9-46B5-9656-780CA98C9A3F}.Debug|Any CPU.Build.0 = Debug|Any CPU
		{19105B9C-A8B9-46B5-9656-780CA98C9A3F}.Debug|x64.ActiveCfg = Debug|Any CPU
		{19105B9C-A8B9-46B5-9656-780CA98C9A3F}.Debug|x64.Build.0 = Debug|Any CPU
		{19105B9C-A8B9-46B5-9656-780CA98C9A3F}.Debug|x86.ActiveCfg = Debug|Any CPU
		{19105B9C-A8B9-46B5-9656-780CA98C9A3F}.Debug|x86.Build.0 = Debug|Any CPU
		{19105B9C-A8B9-46B5-9656-780CA98C9A3F}.Release|Any CPU.ActiveCfg = Release|Any CPU
		{19105B9C-A8B9-46B5-9656-780CA98C9A3F}.Release|Any CPU.Build.0 = Release|Any CPU
		{19105B9C-A8B9-46B5-9656-780CA98C9A3F}.Release|x64.ActiveCfg = Release|Any CPU
		{19105B9C-A8B9-46B5-9656-780CA98C9A3F}.Release|x64.Build.0 = Release|Any CPU
		{19105B9C-A8B9-46B5-9656-780CA98C9A3F}.Release|x86.ActiveCfg = Release|Any CPU
		{19105B9C-A8B9-46B5-9656-780CA98C9A3F}.Release|x86.Build.0 = Release|Any CPU
		{684A1052-CC2A-4023-9EB9-D7B801045CDA}.Debug|Any CPU.ActiveCfg = Debug|Any CPU
		{684A1052-CC2A-4023-9EB9-D7B801045CDA}.Debug|Any CPU.Build.0 = Debug|Any CPU
		{684A1052-CC2A-4023-9EB9-D7B801045CDA}.Debug|x64.ActiveCfg = Debug|Any CPU
		{684A1052-CC2A-4023-9EB9-D7B801045CDA}.Debug|x64.Build.0 = Debug|Any CPU
		{684A1052-CC2A-4023-9EB9-D7B801045CDA}.Debug|x86.ActiveCfg = Debug|Any CPU
		{684A1052-CC2A-4023-9EB9-D7B801045CDA}.Debug|x86.Build.0 = Debug|Any CPU
		{684A1052-CC2A-4023-9EB9-D7B801045CDA}.Release|Any CPU.ActiveCfg = Release|Any CPU
		{684A1052-CC2A-4023-9EB9-D7B801045CDA}.Release|Any CPU.Build.0 = Release|Any CPU
		{684A1052-CC2A-4023-9EB9-D7B801045CDA}.Release|x64.ActiveCfg = Release|Any CPU
		{684A1052-CC2A-4023-9EB9-D7B801045CDA}.Release|x64.Build.0 = Release|Any CPU
		{684A1052-CC2A-4023-9EB9-D7B801045CDA}.Release|x86.ActiveCfg = Release|Any CPU
		{684A1052-CC2A-4023-9EB9-D7B801045CDA}.Release|x86.Build.0 = Release|Any CPU
		{C3A9A6FF-AD83-4AD6-9A49-2860D3F7C988}.Debug|Any CPU.ActiveCfg = Debug|Any CPU
		{C3A9A6FF-AD83-4AD6-9A49-2860D3F7C988}.Debug|Any CPU.Build.0 = Debug|Any CPU
		{C3A9A6FF-AD83-4AD6-9A49-2860D3F7C988}.Debug|x64.ActiveCfg = Debug|Any CPU
		{C3A9A6FF-AD83-4AD6-9A49-2860D3F7C988}.Debug|x64.Build.0 = Debug|Any CPU
		{C3A9A6FF-AD83-4AD6-9A49-2860D3F7C988}.Debug|x86.ActiveCfg = Debug|Any CPU
		{C3A9A6FF-AD83-4AD6-9A49-2860D3F7C988}.Debug|x86.Build.0 = Debug|Any CPU
		{C3A9A6FF-AD83-4AD6-9A49-2860D3F7C988}.Release|Any CPU.ActiveCfg = Release|Any CPU
		{C3A9A6FF-AD83-4AD6-9A49-2860D3F7C988}.Release|Any CPU.Build.0 = Release|Any CPU
		{C3A9A6FF-AD83-4AD6-9A49-2860D3F7C988}.Release|x64.ActiveCfg = Release|Any CPU
		{C3A9A6FF-AD83-4AD6-9A49-2860D3F7C988}.Release|x64.Build.0 = Release|Any CPU
		{C3A9A6FF-AD83-4AD6-9A49-2860D3F7C988}.Release|x86.ActiveCfg = Release|Any CPU
		{C3A9A6FF-AD83-4AD6-9A49-2860D3F7C988}.Release|x86.Build.0 = Release|Any CPU
		{DCAFB1F9-A40A-428E-BEB5-2FB396B5295E}.Debug|Any CPU.ActiveCfg = Debug|Any CPU
		{DCAFB1F9-A40A-428E-BEB5-2FB396B5295E}.Debug|Any CPU.Build.0 = Debug|Any CPU
		{DCAFB1F9-A40A-428E-BEB5-2FB396B5295E}.Debug|x64.ActiveCfg = Debug|Any CPU
		{DCAFB1F9-A40A-428E-BEB5-2FB396B5295E}.Debug|x64.Build.0 = Debug|Any CPU
		{DCAFB1F9-A40A-428E-BEB5-2FB396B5295E}.Debug|x86.ActiveCfg = Debug|Any CPU
		{DCAFB1F9-A40A-428E-BEB5-2FB396B5295E}.Debug|x86.Build.0 = Debug|Any CPU
		{DCAFB1F9-A40A-428E-BEB5-2FB396B5295E}.Release|Any CPU.ActiveCfg = Release|Any CPU
		{DCAFB1F9-A40A-428E-BEB5-2FB396B5295E}.Release|Any CPU.Build.0 = Release|Any CPU
		{DCAFB1F9-A40A-428E-BEB5-2FB396B5295E}.Release|x64.ActiveCfg = Release|Any CPU
		{DCAFB1F9-A40A-428E-BEB5-2FB396B5295E}.Release|x64.Build.0 = Release|Any CPU
		{DCAFB1F9-A40A-428E-BEB5-2FB396B5295E}.Release|x86.ActiveCfg = Release|Any CPU
		{DCAFB1F9-A40A-428E-BEB5-2FB396B5295E}.Release|x86.Build.0 = Release|Any CPU
		{BE124EE0-16CA-4790-B652-DC1E7E9D2512}.Debug|Any CPU.ActiveCfg = Debug|Any CPU
		{BE124EE0-16CA-4790-B652-DC1E7E9D2512}.Debug|Any CPU.Build.0 = Debug|Any CPU
		{BE124EE0-16CA-4790-B652-DC1E7E9D2512}.Debug|x64.ActiveCfg = Debug|Any CPU
		{BE124EE0-16CA-4790-B652-DC1E7E9D2512}.Debug|x64.Build.0 = Debug|Any CPU
		{BE124EE0-16CA-4790-B652-DC1E7E9D2512}.Debug|x86.ActiveCfg = Debug|Any CPU
		{BE124EE0-16CA-4790-B652-DC1E7E9D2512}.Debug|x86.Build.0 = Debug|Any CPU
		{BE124EE0-16CA-4790-B652-DC1E7E9D2512}.Release|Any CPU.ActiveCfg = Release|Any CPU
		{BE124EE0-16CA-4790-B652-DC1E7E9D2512}.Release|Any CPU.Build.0 = Release|Any CPU
		{BE124EE0-16CA-4790-B652-DC1E7E9D2512}.Release|x64.ActiveCfg = Release|Any CPU
		{BE124EE0-16CA-4790-B652-DC1E7E9D2512}.Release|x64.Build.0 = Release|Any CPU
		{BE124EE0-16CA-4790-B652-DC1E7E9D2512}.Release|x86.ActiveCfg = Release|Any CPU
		{BE124EE0-16CA-4790-B652-DC1E7E9D2512}.Release|x86.Build.0 = Release|Any CPU
		{A034C0CA-07B0-43E0-9D63-F8B3A25EC73A}.Debug|Any CPU.ActiveCfg = Debug|Any CPU
		{A034C0CA-07B0-43E0-9D63-F8B3A25EC73A}.Debug|Any CPU.Build.0 = Debug|Any CPU
		{A034C0CA-07B0-43E0-9D63-F8B3A25EC73A}.Debug|x64.ActiveCfg = Debug|Any CPU
		{A034C0CA-07B0-43E0-9D63-F8B3A25EC73A}.Debug|x64.Build.0 = Debug|Any CPU
		{A034C0CA-07B0-43E0-9D63-F8B3A25EC73A}.Debug|x86.ActiveCfg = Debug|Any CPU
		{A034C0CA-07B0-43E0-9D63-F8B3A25EC73A}.Debug|x86.Build.0 = Debug|Any CPU
		{A034C0CA-07B0-43E0-9D63-F8B3A25EC73A}.Release|Any CPU.ActiveCfg = Release|Any CPU
		{A034C0CA-07B0-43E0-9D63-F8B3A25EC73A}.Release|Any CPU.Build.0 = Release|Any CPU
		{A034C0CA-07B0-43E0-9D63-F8B3A25EC73A}.Release|x64.ActiveCfg = Release|Any CPU
		{A034C0CA-07B0-43E0-9D63-F8B3A25EC73A}.Release|x64.Build.0 = Release|Any CPU
		{A034C0CA-07B0-43E0-9D63-F8B3A25EC73A}.Release|x86.ActiveCfg = Release|Any CPU
		{A034C0CA-07B0-43E0-9D63-F8B3A25EC73A}.Release|x86.Build.0 = Release|Any CPU
		{6AB71B0E-2DCE-4C96-A0A5-FE1B7BE72717}.Debug|Any CPU.ActiveCfg = Debug|Any CPU
		{6AB71B0E-2DCE-4C96-A0A5-FE1B7BE72717}.Debug|Any CPU.Build.0 = Debug|Any CPU
		{6AB71B0E-2DCE-4C96-A0A5-FE1B7BE72717}.Debug|x64.ActiveCfg = Debug|Any CPU
		{6AB71B0E-2DCE-4C96-A0A5-FE1B7BE72717}.Debug|x64.Build.0 = Debug|Any CPU
		{6AB71B0E-2DCE-4C96-A0A5-FE1B7BE72717}.Debug|x86.ActiveCfg = Debug|Any CPU
		{6AB71B0E-2DCE-4C96-A0A5-FE1B7BE72717}.Debug|x86.Build.0 = Debug|Any CPU
		{6AB71B0E-2DCE-4C96-A0A5-FE1B7BE72717}.Release|Any CPU.ActiveCfg = Release|Any CPU
		{6AB71B0E-2DCE-4C96-A0A5-FE1B7BE72717}.Release|Any CPU.Build.0 = Release|Any CPU
		{6AB71B0E-2DCE-4C96-A0A5-FE1B7BE72717}.Release|x64.ActiveCfg = Release|Any CPU
		{6AB71B0E-2DCE-4C96-A0A5-FE1B7BE72717}.Release|x64.Build.0 = Release|Any CPU
		{6AB71B0E-2DCE-4C96-A0A5-FE1B7BE72717}.Release|x86.ActiveCfg = Release|Any CPU
		{6AB71B0E-2DCE-4C96-A0A5-FE1B7BE72717}.Release|x86.Build.0 = Release|Any CPU
		{363783F6-B512-4228-A413-F81027349471}.Debug|Any CPU.ActiveCfg = Debug|Any CPU
		{363783F6-B512-4228-A413-F81027349471}.Debug|Any CPU.Build.0 = Debug|Any CPU
		{363783F6-B512-4228-A413-F81027349471}.Debug|x64.ActiveCfg = Debug|Any CPU
		{363783F6-B512-4228-A413-F81027349471}.Debug|x64.Build.0 = Debug|Any CPU
		{363783F6-B512-4228-A413-F81027349471}.Debug|x86.ActiveCfg = Debug|Any CPU
		{363783F6-B512-4228-A413-F81027349471}.Debug|x86.Build.0 = Debug|Any CPU
		{363783F6-B512-4228-A413-F81027349471}.Release|Any CPU.ActiveCfg = Release|Any CPU
		{363783F6-B512-4228-A413-F81027349471}.Release|Any CPU.Build.0 = Release|Any CPU
		{363783F6-B512-4228-A413-F81027349471}.Release|x64.ActiveCfg = Release|Any CPU
		{363783F6-B512-4228-A413-F81027349471}.Release|x64.Build.0 = Release|Any CPU
		{363783F6-B512-4228-A413-F81027349471}.Release|x86.ActiveCfg = Release|Any CPU
		{363783F6-B512-4228-A413-F81027349471}.Release|x86.Build.0 = Release|Any CPU
		{CB23D773-B534-467C-9A71-983CD3759FB9}.Debug|Any CPU.ActiveCfg = Debug|Any CPU
		{CB23D773-B534-467C-9A71-983CD3759FB9}.Debug|Any CPU.Build.0 = Debug|Any CPU
		{CB23D773-B534-467C-9A71-983CD3759FB9}.Debug|x64.ActiveCfg = Debug|Any CPU
		{CB23D773-B534-467C-9A71-983CD3759FB9}.Debug|x64.Build.0 = Debug|Any CPU
		{CB23D773-B534-467C-9A71-983CD3759FB9}.Debug|x86.ActiveCfg = Debug|Any CPU
		{CB23D773-B534-467C-9A71-983CD3759FB9}.Debug|x86.Build.0 = Debug|Any CPU
		{CB23D773-B534-467C-9A71-983CD3759FB9}.Release|Any CPU.ActiveCfg = Release|Any CPU
		{CB23D773-B534-467C-9A71-983CD3759FB9}.Release|Any CPU.Build.0 = Release|Any CPU
		{CB23D773-B534-467C-9A71-983CD3759FB9}.Release|x64.ActiveCfg = Release|Any CPU
		{CB23D773-B534-467C-9A71-983CD3759FB9}.Release|x64.Build.0 = Release|Any CPU
		{CB23D773-B534-467C-9A71-983CD3759FB9}.Release|x86.ActiveCfg = Release|Any CPU
		{CB23D773-B534-467C-9A71-983CD3759FB9}.Release|x86.Build.0 = Release|Any CPU
		{C7F011B8-88FD-4933-9271-F5B52D591E27}.Debug|Any CPU.ActiveCfg = Debug|Any CPU
		{C7F011B8-88FD-4933-9271-F5B52D591E27}.Debug|Any CPU.Build.0 = Debug|Any CPU
		{C7F011B8-88FD-4933-9271-F5B52D591E27}.Debug|x64.ActiveCfg = Debug|Any CPU
		{C7F011B8-88FD-4933-9271-F5B52D591E27}.Debug|x64.Build.0 = Debug|Any CPU
		{C7F011B8-88FD-4933-9271-F5B52D591E27}.Debug|x86.ActiveCfg = Debug|Any CPU
		{C7F011B8-88FD-4933-9271-F5B52D591E27}.Debug|x86.Build.0 = Debug|Any CPU
		{C7F011B8-88FD-4933-9271-F5B52D591E27}.Release|Any CPU.ActiveCfg = Release|Any CPU
		{C7F011B8-88FD-4933-9271-F5B52D591E27}.Release|Any CPU.Build.0 = Release|Any CPU
		{C7F011B8-88FD-4933-9271-F5B52D591E27}.Release|x64.ActiveCfg = Release|Any CPU
		{C7F011B8-88FD-4933-9271-F5B52D591E27}.Release|x64.Build.0 = Release|Any CPU
		{C7F011B8-88FD-4933-9271-F5B52D591E27}.Release|x86.ActiveCfg = Release|Any CPU
		{C7F011B8-88FD-4933-9271-F5B52D591E27}.Release|x86.Build.0 = Release|Any CPU
		{9B97515A-CF9F-49C1-811C-88C4311512CB}.Debug|Any CPU.ActiveCfg = Debug|Any CPU
		{9B97515A-CF9F-49C1-811C-88C4311512CB}.Debug|Any CPU.Build.0 = Debug|Any CPU
		{9B97515A-CF9F-49C1-811C-88C4311512CB}.Debug|x64.ActiveCfg = Debug|Any CPU
		{9B97515A-CF9F-49C1-811C-88C4311512CB}.Debug|x64.Build.0 = Debug|Any CPU
		{9B97515A-CF9F-49C1-811C-88C4311512CB}.Debug|x86.ActiveCfg = Debug|Any CPU
		{9B97515A-CF9F-49C1-811C-88C4311512CB}.Debug|x86.Build.0 = Debug|Any CPU
		{9B97515A-CF9F-49C1-811C-88C4311512CB}.Release|Any CPU.ActiveCfg = Release|Any CPU
		{9B97515A-CF9F-49C1-811C-88C4311512CB}.Release|Any CPU.Build.0 = Release|Any CPU
		{9B97515A-CF9F-49C1-811C-88C4311512CB}.Release|x64.ActiveCfg = Release|Any CPU
		{9B97515A-CF9F-49C1-811C-88C4311512CB}.Release|x64.Build.0 = Release|Any CPU
		{9B97515A-CF9F-49C1-811C-88C4311512CB}.Release|x86.ActiveCfg = Release|Any CPU
		{9B97515A-CF9F-49C1-811C-88C4311512CB}.Release|x86.Build.0 = Release|Any CPU
		{3D9A7FB1-237A-4045-ADCD-3FE3C47C56DF}.Debug|Any CPU.ActiveCfg = Debug|Any CPU
		{3D9A7FB1-237A-4045-ADCD-3FE3C47C56DF}.Debug|Any CPU.Build.0 = Debug|Any CPU
		{3D9A7FB1-237A-4045-ADCD-3FE3C47C56DF}.Debug|x64.ActiveCfg = Debug|Any CPU
		{3D9A7FB1-237A-4045-ADCD-3FE3C47C56DF}.Debug|x64.Build.0 = Debug|Any CPU
		{3D9A7FB1-237A-4045-ADCD-3FE3C47C56DF}.Debug|x86.ActiveCfg = Debug|Any CPU
		{3D9A7FB1-237A-4045-ADCD-3FE3C47C56DF}.Debug|x86.Build.0 = Debug|Any CPU
		{3D9A7FB1-237A-4045-ADCD-3FE3C47C56DF}.Release|Any CPU.ActiveCfg = Release|Any CPU
		{3D9A7FB1-237A-4045-ADCD-3FE3C47C56DF}.Release|Any CPU.Build.0 = Release|Any CPU
		{3D9A7FB1-237A-4045-ADCD-3FE3C47C56DF}.Release|x64.ActiveCfg = Release|Any CPU
		{3D9A7FB1-237A-4045-ADCD-3FE3C47C56DF}.Release|x64.Build.0 = Release|Any CPU
		{3D9A7FB1-237A-4045-ADCD-3FE3C47C56DF}.Release|x86.ActiveCfg = Release|Any CPU
		{3D9A7FB1-237A-4045-ADCD-3FE3C47C56DF}.Release|x86.Build.0 = Release|Any CPU
		{FD32CEA0-A7EC-40E6-BF68-22F86D4892EE}.Debug|Any CPU.ActiveCfg = Debug|Any CPU
		{FD32CEA0-A7EC-40E6-BF68-22F86D4892EE}.Debug|Any CPU.Build.0 = Debug|Any CPU
		{FD32CEA0-A7EC-40E6-BF68-22F86D4892EE}.Debug|x64.ActiveCfg = Debug|Any CPU
		{FD32CEA0-A7EC-40E6-BF68-22F86D4892EE}.Debug|x64.Build.0 = Debug|Any CPU
		{FD32CEA0-A7EC-40E6-BF68-22F86D4892EE}.Debug|x86.ActiveCfg = Debug|Any CPU
		{FD32CEA0-A7EC-40E6-BF68-22F86D4892EE}.Debug|x86.Build.0 = Debug|Any CPU
		{FD32CEA0-A7EC-40E6-BF68-22F86D4892EE}.Release|Any CPU.ActiveCfg = Release|Any CPU
		{FD32CEA0-A7EC-40E6-BF68-22F86D4892EE}.Release|Any CPU.Build.0 = Release|Any CPU
		{FD32CEA0-A7EC-40E6-BF68-22F86D4892EE}.Release|x64.ActiveCfg = Release|Any CPU
		{FD32CEA0-A7EC-40E6-BF68-22F86D4892EE}.Release|x64.Build.0 = Release|Any CPU
		{FD32CEA0-A7EC-40E6-BF68-22F86D4892EE}.Release|x86.ActiveCfg = Release|Any CPU
		{FD32CEA0-A7EC-40E6-BF68-22F86D4892EE}.Release|x86.Build.0 = Release|Any CPU
		{1BB55A03-C989-443B-BD86-265F90BA6F83}.Debug|Any CPU.ActiveCfg = Debug|Any CPU
		{1BB55A03-C989-443B-BD86-265F90BA6F83}.Debug|Any CPU.Build.0 = Debug|Any CPU
		{1BB55A03-C989-443B-BD86-265F90BA6F83}.Debug|x64.ActiveCfg = Debug|Any CPU
		{1BB55A03-C989-443B-BD86-265F90BA6F83}.Debug|x64.Build.0 = Debug|Any CPU
		{1BB55A03-C989-443B-BD86-265F90BA6F83}.Debug|x86.ActiveCfg = Debug|Any CPU
		{1BB55A03-C989-443B-BD86-265F90BA6F83}.Debug|x86.Build.0 = Debug|Any CPU
		{1BB55A03-C989-443B-BD86-265F90BA6F83}.Release|Any CPU.ActiveCfg = Release|Any CPU
		{1BB55A03-C989-443B-BD86-265F90BA6F83}.Release|Any CPU.Build.0 = Release|Any CPU
		{1BB55A03-C989-443B-BD86-265F90BA6F83}.Release|x64.ActiveCfg = Release|Any CPU
		{1BB55A03-C989-443B-BD86-265F90BA6F83}.Release|x64.Build.0 = Release|Any CPU
		{1BB55A03-C989-443B-BD86-265F90BA6F83}.Release|x86.ActiveCfg = Release|Any CPU
		{1BB55A03-C989-443B-BD86-265F90BA6F83}.Release|x86.Build.0 = Release|Any CPU
		{5AEAFD09-AE07-4429-B0BB-255330C1A24E}.Debug|Any CPU.ActiveCfg = Debug|Any CPU
		{5AEAFD09-AE07-4429-B0BB-255330C1A24E}.Debug|Any CPU.Build.0 = Debug|Any CPU
		{5AEAFD09-AE07-4429-B0BB-255330C1A24E}.Debug|x64.ActiveCfg = Debug|Any CPU
		{5AEAFD09-AE07-4429-B0BB-255330C1A24E}.Debug|x64.Build.0 = Debug|Any CPU
		{5AEAFD09-AE07-4429-B0BB-255330C1A24E}.Debug|x86.ActiveCfg = Debug|Any CPU
		{5AEAFD09-AE07-4429-B0BB-255330C1A24E}.Debug|x86.Build.0 = Debug|Any CPU
		{5AEAFD09-AE07-4429-B0BB-255330C1A24E}.Release|Any CPU.ActiveCfg = Release|Any CPU
		{5AEAFD09-AE07-4429-B0BB-255330C1A24E}.Release|Any CPU.Build.0 = Release|Any CPU
		{5AEAFD09-AE07-4429-B0BB-255330C1A24E}.Release|x64.ActiveCfg = Release|Any CPU
		{5AEAFD09-AE07-4429-B0BB-255330C1A24E}.Release|x64.Build.0 = Release|Any CPU
		{5AEAFD09-AE07-4429-B0BB-255330C1A24E}.Release|x86.ActiveCfg = Release|Any CPU
		{5AEAFD09-AE07-4429-B0BB-255330C1A24E}.Release|x86.Build.0 = Release|Any CPU
		{C22D4844-AEA0-46CD-AF70-F11B24CDA66F}.Debug|Any CPU.ActiveCfg = Debug|Any CPU
		{C22D4844-AEA0-46CD-AF70-F11B24CDA66F}.Debug|Any CPU.Build.0 = Debug|Any CPU
		{C22D4844-AEA0-46CD-AF70-F11B24CDA66F}.Debug|x64.ActiveCfg = Debug|Any CPU
		{C22D4844-AEA0-46CD-AF70-F11B24CDA66F}.Debug|x64.Build.0 = Debug|Any CPU
		{C22D4844-AEA0-46CD-AF70-F11B24CDA66F}.Debug|x86.ActiveCfg = Debug|Any CPU
		{C22D4844-AEA0-46CD-AF70-F11B24CDA66F}.Debug|x86.Build.0 = Debug|Any CPU
		{C22D4844-AEA0-46CD-AF70-F11B24CDA66F}.Release|Any CPU.ActiveCfg = Release|Any CPU
		{C22D4844-AEA0-46CD-AF70-F11B24CDA66F}.Release|Any CPU.Build.0 = Release|Any CPU
		{C22D4844-AEA0-46CD-AF70-F11B24CDA66F}.Release|x64.ActiveCfg = Release|Any CPU
		{C22D4844-AEA0-46CD-AF70-F11B24CDA66F}.Release|x64.Build.0 = Release|Any CPU
		{C22D4844-AEA0-46CD-AF70-F11B24CDA66F}.Release|x86.ActiveCfg = Release|Any CPU
		{C22D4844-AEA0-46CD-AF70-F11B24CDA66F}.Release|x86.Build.0 = Release|Any CPU
		{2051433A-5693-4ABE-8734-524DCF4F78C5}.Debug|Any CPU.ActiveCfg = Debug|Any CPU
		{2051433A-5693-4ABE-8734-524DCF4F78C5}.Debug|Any CPU.Build.0 = Debug|Any CPU
		{2051433A-5693-4ABE-8734-524DCF4F78C5}.Debug|x64.ActiveCfg = Debug|Any CPU
		{2051433A-5693-4ABE-8734-524DCF4F78C5}.Debug|x64.Build.0 = Debug|Any CPU
		{2051433A-5693-4ABE-8734-524DCF4F78C5}.Debug|x86.ActiveCfg = Debug|Any CPU
		{2051433A-5693-4ABE-8734-524DCF4F78C5}.Debug|x86.Build.0 = Debug|Any CPU
		{2051433A-5693-4ABE-8734-524DCF4F78C5}.Release|Any CPU.ActiveCfg = Release|Any CPU
		{2051433A-5693-4ABE-8734-524DCF4F78C5}.Release|Any CPU.Build.0 = Release|Any CPU
		{2051433A-5693-4ABE-8734-524DCF4F78C5}.Release|x64.ActiveCfg = Release|Any CPU
		{2051433A-5693-4ABE-8734-524DCF4F78C5}.Release|x64.Build.0 = Release|Any CPU
		{2051433A-5693-4ABE-8734-524DCF4F78C5}.Release|x86.ActiveCfg = Release|Any CPU
		{2051433A-5693-4ABE-8734-524DCF4F78C5}.Release|x86.Build.0 = Release|Any CPU
		{7C5E63A2-5D80-4695-A5D6-984E03534F43}.Debug|Any CPU.ActiveCfg = Debug|Any CPU
		{7C5E63A2-5D80-4695-A5D6-984E03534F43}.Debug|Any CPU.Build.0 = Debug|Any CPU
		{7C5E63A2-5D80-4695-A5D6-984E03534F43}.Debug|x64.ActiveCfg = Debug|Any CPU
		{7C5E63A2-5D80-4695-A5D6-984E03534F43}.Debug|x64.Build.0 = Debug|Any CPU
		{7C5E63A2-5D80-4695-A5D6-984E03534F43}.Debug|x86.ActiveCfg = Debug|Any CPU
		{7C5E63A2-5D80-4695-A5D6-984E03534F43}.Debug|x86.Build.0 = Debug|Any CPU
		{7C5E63A2-5D80-4695-A5D6-984E03534F43}.Release|Any CPU.ActiveCfg = Release|Any CPU
		{7C5E63A2-5D80-4695-A5D6-984E03534F43}.Release|Any CPU.Build.0 = Release|Any CPU
		{7C5E63A2-5D80-4695-A5D6-984E03534F43}.Release|x64.ActiveCfg = Release|Any CPU
		{7C5E63A2-5D80-4695-A5D6-984E03534F43}.Release|x64.Build.0 = Release|Any CPU
		{7C5E63A2-5D80-4695-A5D6-984E03534F43}.Release|x86.ActiveCfg = Release|Any CPU
		{7C5E63A2-5D80-4695-A5D6-984E03534F43}.Release|x86.Build.0 = Release|Any CPU
		{6BF56AC9-40FB-47F6-8CB9-1895A0FFABFF}.Debug|Any CPU.ActiveCfg = Debug|Any CPU
		{6BF56AC9-40FB-47F6-8CB9-1895A0FFABFF}.Debug|Any CPU.Build.0 = Debug|Any CPU
		{6BF56AC9-40FB-47F6-8CB9-1895A0FFABFF}.Debug|x64.ActiveCfg = Debug|Any CPU
		{6BF56AC9-40FB-47F6-8CB9-1895A0FFABFF}.Debug|x64.Build.0 = Debug|Any CPU
		{6BF56AC9-40FB-47F6-8CB9-1895A0FFABFF}.Debug|x86.ActiveCfg = Debug|Any CPU
		{6BF56AC9-40FB-47F6-8CB9-1895A0FFABFF}.Debug|x86.Build.0 = Debug|Any CPU
		{6BF56AC9-40FB-47F6-8CB9-1895A0FFABFF}.Release|Any CPU.ActiveCfg = Release|Any CPU
		{6BF56AC9-40FB-47F6-8CB9-1895A0FFABFF}.Release|Any CPU.Build.0 = Release|Any CPU
		{6BF56AC9-40FB-47F6-8CB9-1895A0FFABFF}.Release|x64.ActiveCfg = Release|Any CPU
		{6BF56AC9-40FB-47F6-8CB9-1895A0FFABFF}.Release|x64.Build.0 = Release|Any CPU
		{6BF56AC9-40FB-47F6-8CB9-1895A0FFABFF}.Release|x86.ActiveCfg = Release|Any CPU
		{6BF56AC9-40FB-47F6-8CB9-1895A0FFABFF}.Release|x86.Build.0 = Release|Any CPU
		{C71A3126-74DD-4205-9D97-60B455F9F395}.Debug|Any CPU.ActiveCfg = Debug|Any CPU
		{C71A3126-74DD-4205-9D97-60B455F9F395}.Debug|Any CPU.Build.0 = Debug|Any CPU
		{C71A3126-74DD-4205-9D97-60B455F9F395}.Debug|x64.ActiveCfg = Debug|Any CPU
		{C71A3126-74DD-4205-9D97-60B455F9F395}.Debug|x64.Build.0 = Debug|Any CPU
		{C71A3126-74DD-4205-9D97-60B455F9F395}.Debug|x86.ActiveCfg = Debug|Any CPU
		{C71A3126-74DD-4205-9D97-60B455F9F395}.Debug|x86.Build.0 = Debug|Any CPU
		{C71A3126-74DD-4205-9D97-60B455F9F395}.Release|Any CPU.ActiveCfg = Release|Any CPU
		{C71A3126-74DD-4205-9D97-60B455F9F395}.Release|Any CPU.Build.0 = Release|Any CPU
		{C71A3126-74DD-4205-9D97-60B455F9F395}.Release|x64.ActiveCfg = Release|Any CPU
		{C71A3126-74DD-4205-9D97-60B455F9F395}.Release|x64.Build.0 = Release|Any CPU
		{C71A3126-74DD-4205-9D97-60B455F9F395}.Release|x86.ActiveCfg = Release|Any CPU
		{C71A3126-74DD-4205-9D97-60B455F9F395}.Release|x86.Build.0 = Release|Any CPU
		{0CC9E2A2-EAC9-4D22-BB38-B392E4A6F80F}.Debug|Any CPU.ActiveCfg = Debug|Any CPU
		{0CC9E2A2-EAC9-4D22-BB38-B392E4A6F80F}.Debug|Any CPU.Build.0 = Debug|Any CPU
		{0CC9E2A2-EAC9-4D22-BB38-B392E4A6F80F}.Debug|x64.ActiveCfg = Debug|Any CPU
		{0CC9E2A2-EAC9-4D22-BB38-B392E4A6F80F}.Debug|x64.Build.0 = Debug|Any CPU
		{0CC9E2A2-EAC9-4D22-BB38-B392E4A6F80F}.Debug|x86.ActiveCfg = Debug|Any CPU
		{0CC9E2A2-EAC9-4D22-BB38-B392E4A6F80F}.Debug|x86.Build.0 = Debug|Any CPU
		{0CC9E2A2-EAC9-4D22-BB38-B392E4A6F80F}.Release|Any CPU.ActiveCfg = Release|Any CPU
		{0CC9E2A2-EAC9-4D22-BB38-B392E4A6F80F}.Release|Any CPU.Build.0 = Release|Any CPU
		{0CC9E2A2-EAC9-4D22-BB38-B392E4A6F80F}.Release|x64.ActiveCfg = Release|Any CPU
		{0CC9E2A2-EAC9-4D22-BB38-B392E4A6F80F}.Release|x64.Build.0 = Release|Any CPU
		{0CC9E2A2-EAC9-4D22-BB38-B392E4A6F80F}.Release|x86.ActiveCfg = Release|Any CPU
		{0CC9E2A2-EAC9-4D22-BB38-B392E4A6F80F}.Release|x86.Build.0 = Release|Any CPU
		{42646331-20E6-4605-A066-E709628BF90E}.Debug|Any CPU.ActiveCfg = Debug|Any CPU
		{42646331-20E6-4605-A066-E709628BF90E}.Debug|Any CPU.Build.0 = Debug|Any CPU
		{42646331-20E6-4605-A066-E709628BF90E}.Debug|x64.ActiveCfg = Debug|Any CPU
		{42646331-20E6-4605-A066-E709628BF90E}.Debug|x64.Build.0 = Debug|Any CPU
		{42646331-20E6-4605-A066-E709628BF90E}.Debug|x86.ActiveCfg = Debug|Any CPU
		{42646331-20E6-4605-A066-E709628BF90E}.Debug|x86.Build.0 = Debug|Any CPU
		{42646331-20E6-4605-A066-E709628BF90E}.Release|Any CPU.ActiveCfg = Release|Any CPU
		{42646331-20E6-4605-A066-E709628BF90E}.Release|Any CPU.Build.0 = Release|Any CPU
		{42646331-20E6-4605-A066-E709628BF90E}.Release|x64.ActiveCfg = Release|Any CPU
		{42646331-20E6-4605-A066-E709628BF90E}.Release|x64.Build.0 = Release|Any CPU
		{42646331-20E6-4605-A066-E709628BF90E}.Release|x86.ActiveCfg = Release|Any CPU
		{42646331-20E6-4605-A066-E709628BF90E}.Release|x86.Build.0 = Release|Any CPU
		{08F630B3-65D3-4B92-8A2C-5E13E0134B12}.Debug|Any CPU.ActiveCfg = Debug|Any CPU
		{08F630B3-65D3-4B92-8A2C-5E13E0134B12}.Debug|Any CPU.Build.0 = Debug|Any CPU
		{08F630B3-65D3-4B92-8A2C-5E13E0134B12}.Debug|x64.ActiveCfg = Debug|Any CPU
		{08F630B3-65D3-4B92-8A2C-5E13E0134B12}.Debug|x64.Build.0 = Debug|Any CPU
		{08F630B3-65D3-4B92-8A2C-5E13E0134B12}.Debug|x86.ActiveCfg = Debug|Any CPU
		{08F630B3-65D3-4B92-8A2C-5E13E0134B12}.Debug|x86.Build.0 = Debug|Any CPU
		{08F630B3-65D3-4B92-8A2C-5E13E0134B12}.Release|Any CPU.ActiveCfg = Release|Any CPU
		{08F630B3-65D3-4B92-8A2C-5E13E0134B12}.Release|Any CPU.Build.0 = Release|Any CPU
		{08F630B3-65D3-4B92-8A2C-5E13E0134B12}.Release|x64.ActiveCfg = Release|Any CPU
		{08F630B3-65D3-4B92-8A2C-5E13E0134B12}.Release|x64.Build.0 = Release|Any CPU
		{08F630B3-65D3-4B92-8A2C-5E13E0134B12}.Release|x86.ActiveCfg = Release|Any CPU
		{08F630B3-65D3-4B92-8A2C-5E13E0134B12}.Release|x86.Build.0 = Release|Any CPU
		{4171A7DF-6351-4A09-9287-4912BDAA0967}.Debug|Any CPU.ActiveCfg = Debug|Any CPU
		{4171A7DF-6351-4A09-9287-4912BDAA0967}.Debug|Any CPU.Build.0 = Debug|Any CPU
		{4171A7DF-6351-4A09-9287-4912BDAA0967}.Debug|x64.ActiveCfg = Debug|Any CPU
		{4171A7DF-6351-4A09-9287-4912BDAA0967}.Debug|x64.Build.0 = Debug|Any CPU
		{4171A7DF-6351-4A09-9287-4912BDAA0967}.Debug|x86.ActiveCfg = Debug|Any CPU
		{4171A7DF-6351-4A09-9287-4912BDAA0967}.Debug|x86.Build.0 = Debug|Any CPU
		{4171A7DF-6351-4A09-9287-4912BDAA0967}.Release|Any CPU.ActiveCfg = Release|Any CPU
		{4171A7DF-6351-4A09-9287-4912BDAA0967}.Release|Any CPU.Build.0 = Release|Any CPU
		{4171A7DF-6351-4A09-9287-4912BDAA0967}.Release|x64.ActiveCfg = Release|Any CPU
		{4171A7DF-6351-4A09-9287-4912BDAA0967}.Release|x64.Build.0 = Release|Any CPU
		{4171A7DF-6351-4A09-9287-4912BDAA0967}.Release|x86.ActiveCfg = Release|Any CPU
		{4171A7DF-6351-4A09-9287-4912BDAA0967}.Release|x86.Build.0 = Release|Any CPU
		{A93C6F60-C33B-461F-812E-0FE089F7C64A}.Debug|Any CPU.ActiveCfg = Debug|Any CPU
		{A93C6F60-C33B-461F-812E-0FE089F7C64A}.Debug|Any CPU.Build.0 = Debug|Any CPU
		{A93C6F60-C33B-461F-812E-0FE089F7C64A}.Debug|x64.ActiveCfg = Debug|Any CPU
		{A93C6F60-C33B-461F-812E-0FE089F7C64A}.Debug|x64.Build.0 = Debug|Any CPU
		{A93C6F60-C33B-461F-812E-0FE089F7C64A}.Debug|x86.ActiveCfg = Debug|Any CPU
		{A93C6F60-C33B-461F-812E-0FE089F7C64A}.Debug|x86.Build.0 = Debug|Any CPU
		{A93C6F60-C33B-461F-812E-0FE089F7C64A}.Release|Any CPU.ActiveCfg = Release|Any CPU
		{A93C6F60-C33B-461F-812E-0FE089F7C64A}.Release|Any CPU.Build.0 = Release|Any CPU
		{A93C6F60-C33B-461F-812E-0FE089F7C64A}.Release|x64.ActiveCfg = Release|Any CPU
		{A93C6F60-C33B-461F-812E-0FE089F7C64A}.Release|x64.Build.0 = Release|Any CPU
		{A93C6F60-C33B-461F-812E-0FE089F7C64A}.Release|x86.ActiveCfg = Release|Any CPU
		{A93C6F60-C33B-461F-812E-0FE089F7C64A}.Release|x86.Build.0 = Release|Any CPU
		{C93931D0-A90F-4745-9E2F-283414A42DE7}.Debug|Any CPU.ActiveCfg = Debug|Any CPU
		{C93931D0-A90F-4745-9E2F-283414A42DE7}.Debug|Any CPU.Build.0 = Debug|Any CPU
		{C93931D0-A90F-4745-9E2F-283414A42DE7}.Debug|x64.ActiveCfg = Debug|Any CPU
		{C93931D0-A90F-4745-9E2F-283414A42DE7}.Debug|x64.Build.0 = Debug|Any CPU
		{C93931D0-A90F-4745-9E2F-283414A42DE7}.Debug|x86.ActiveCfg = Debug|Any CPU
		{C93931D0-A90F-4745-9E2F-283414A42DE7}.Debug|x86.Build.0 = Debug|Any CPU
		{C93931D0-A90F-4745-9E2F-283414A42DE7}.Release|Any CPU.ActiveCfg = Release|Any CPU
		{C93931D0-A90F-4745-9E2F-283414A42DE7}.Release|Any CPU.Build.0 = Release|Any CPU
		{C93931D0-A90F-4745-9E2F-283414A42DE7}.Release|x64.ActiveCfg = Release|Any CPU
		{C93931D0-A90F-4745-9E2F-283414A42DE7}.Release|x64.Build.0 = Release|Any CPU
		{C93931D0-A90F-4745-9E2F-283414A42DE7}.Release|x86.ActiveCfg = Release|Any CPU
		{C93931D0-A90F-4745-9E2F-283414A42DE7}.Release|x86.Build.0 = Release|Any CPU
		{5943A277-4DF4-4F65-9B1A-6D82A08BC48D}.Debug|Any CPU.ActiveCfg = Debug|Any CPU
		{5943A277-4DF4-4F65-9B1A-6D82A08BC48D}.Debug|Any CPU.Build.0 = Debug|Any CPU
		{5943A277-4DF4-4F65-9B1A-6D82A08BC48D}.Debug|x64.ActiveCfg = Debug|Any CPU
		{5943A277-4DF4-4F65-9B1A-6D82A08BC48D}.Debug|x64.Build.0 = Debug|Any CPU
		{5943A277-4DF4-4F65-9B1A-6D82A08BC48D}.Debug|x86.ActiveCfg = Debug|Any CPU
		{5943A277-4DF4-4F65-9B1A-6D82A08BC48D}.Debug|x86.Build.0 = Debug|Any CPU
		{5943A277-4DF4-4F65-9B1A-6D82A08BC48D}.Release|Any CPU.ActiveCfg = Release|Any CPU
		{5943A277-4DF4-4F65-9B1A-6D82A08BC48D}.Release|Any CPU.Build.0 = Release|Any CPU
		{5943A277-4DF4-4F65-9B1A-6D82A08BC48D}.Release|x64.ActiveCfg = Release|Any CPU
		{5943A277-4DF4-4F65-9B1A-6D82A08BC48D}.Release|x64.Build.0 = Release|Any CPU
		{5943A277-4DF4-4F65-9B1A-6D82A08BC48D}.Release|x86.ActiveCfg = Release|Any CPU
		{5943A277-4DF4-4F65-9B1A-6D82A08BC48D}.Release|x86.Build.0 = Release|Any CPU
	EndGlobalSection
	GlobalSection(SolutionProperties) = preSolution
		HideSolutionNode = FALSE
	EndGlobalSection
	GlobalSection(NestedProjects) = preSolution
		{1078F14A-F886-4BF7-8BEC-9E13668A1CED} = {6711B2C7-0746-4A45-8E61-BA235480C06A}
		{19105B9C-A8B9-46B5-9656-780CA98C9A3F} = {E888E2D4-A105-4B19-8A53-86DFDA724740}
		{684A1052-CC2A-4023-9EB9-D7B801045CDA} = {5D20AA90-6969-D8BD-9DCD-8634F4692FDA}
		{C3A9A6FF-AD83-4AD6-9A49-2860D3F7C988} = {5D20AA90-6969-D8BD-9DCD-8634F4692FDA}
		{DCAFB1F9-A40A-428E-BEB5-2FB396B5295E} = {6711B2C7-0746-4A45-8E61-BA235480C06A}
		{BE124EE0-16CA-4790-B652-DC1E7E9D2512} = {6711B2C7-0746-4A45-8E61-BA235480C06A}
		{A034C0CA-07B0-43E0-9D63-F8B3A25EC73A} = {6711B2C7-0746-4A45-8E61-BA235480C06A}
		{6AB71B0E-2DCE-4C96-A0A5-FE1B7BE72717} = {6711B2C7-0746-4A45-8E61-BA235480C06A}
		{363783F6-B512-4228-A413-F81027349471} = {6711B2C7-0746-4A45-8E61-BA235480C06A}
		{CB23D773-B534-467C-9A71-983CD3759FB9} = {5D20AA90-6969-D8BD-9DCD-8634F4692FDA}
		{C7F011B8-88FD-4933-9271-F5B52D591E27} = {6711B2C7-0746-4A45-8E61-BA235480C06A}
		{9B97515A-CF9F-49C1-811C-88C4311512CB} = {6711B2C7-0746-4A45-8E61-BA235480C06A}
		{3D9A7FB1-237A-4045-ADCD-3FE3C47C56DF} = {6711B2C7-0746-4A45-8E61-BA235480C06A}
		{FD32CEA0-A7EC-40E6-BF68-22F86D4892EE} = {6711B2C7-0746-4A45-8E61-BA235480C06A}
		{1BB55A03-C989-443B-BD86-265F90BA6F83} = {E888E2D4-A105-4B19-8A53-86DFDA724740}
		{5AEAFD09-AE07-4429-B0BB-255330C1A24E} = {6711B2C7-0746-4A45-8E61-BA235480C06A}
		{C22D4844-AEA0-46CD-AF70-F11B24CDA66F} = {6711B2C7-0746-4A45-8E61-BA235480C06A}
		{2051433A-5693-4ABE-8734-524DCF4F78C5} = {5D20AA90-6969-D8BD-9DCD-8634F4692FDA}
		{7C5E63A2-5D80-4695-A5D6-984E03534F43} = {6711B2C7-0746-4A45-8E61-BA235480C06A}
		{6BF56AC9-40FB-47F6-8CB9-1895A0FFABFF} = {6711B2C7-0746-4A45-8E61-BA235480C06A}
		{C71A3126-74DD-4205-9D97-60B455F9F395} = {6711B2C7-0746-4A45-8E61-BA235480C06A}
		{0CC9E2A2-EAC9-4D22-BB38-B392E4A6F80F} = {6711B2C7-0746-4A45-8E61-BA235480C06A}
		{42646331-20E6-4605-A066-E709628BF90E} = {6711B2C7-0746-4A45-8E61-BA235480C06A}
		{08F630B3-65D3-4B92-8A2C-5E13E0134B12} = {6711B2C7-0746-4A45-8E61-BA235480C06A}
		{4171A7DF-6351-4A09-9287-4912BDAA0967} = {6711B2C7-0746-4A45-8E61-BA235480C06A}
		{A93C6F60-C33B-461F-812E-0FE089F7C64A} = {6711B2C7-0746-4A45-8E61-BA235480C06A}
		{C93931D0-A90F-4745-9E2F-283414A42DE7} = {6711B2C7-0746-4A45-8E61-BA235480C06A}
		{5943A277-4DF4-4F65-9B1A-6D82A08BC48D} = {6711B2C7-0746-4A45-8E61-BA235480C06A}
	EndGlobalSection
	GlobalSection(ExtensibilityGlobals) = postSolution
		SolutionGuid = {3F2B5274-3B0F-4F73-B211-9BD128E1AF56}
	EndGlobalSection
EndGlobal
