
Microsoft Visual Studio Solution File, Format Version 12.00
# Visual Studio Version 17
VisualStudioVersion = 17.9.34728.123
MinimumVisualStudioVersion = 10.0.40219.1
Project("{9A19103F-16F7-4668-BE54-9A1E7A4F7556}") = "Krackend.Sagas.Orchestration", "src\Krackend.Sagas.Orchestration\Krackend.Sagas.Orchestration.csproj", "{1DEAB35F-07FA-40A0-83BA-01527DF27080}"
EndProject
Project("{2150E333-8FDC-42A3-9474-1A3956D46DE8}") = "src", "src", "{6711B2C7-0746-4A45-8E61-BA235480C06A}"
EndProject
Project("{2150E333-8FDC-42A3-9474-1A3956D46DE8}") = "tests", "tests", "{E888E2D4-A105-4B19-8A53-86DFDA724740}"
EndProject
Project("{9A19103F-16F7-4668-BE54-9A1E7A4F7556}") = "Krackend.Sagas.Orchestration.Tests", "tests\Krackend.Sagas.Orchestration.Tests\Krackend.Sagas.Orchestration.Tests.csproj", "{51F19562-46AD-49A0-83DE-1604D789A9C7}"
EndProject
Project("{2150E333-8FDC-42A3-9474-1A3956D46DE8}") = "Solution Items", "Solution Items", "{6E21585C-62F9-49D6-91CA-CFDA7A856FEB}"
	ProjectSection(SolutionItems) = preProject
		Directory.Build.props = Directory.Build.props
		Directory.Build.targets = Directory.Build.targets
	EndProjectSection
EndProject
Project("{FAE04EC0-301F-11D3-BF4B-00C04F79EFBC}") = "Krackend.Client.Tests", "tests\Krackend.Client.Tests\Krackend.Client.Tests.csproj", "{9E485771-CC29-41F4-81D2-1C703C0B4C18}"
EndProject
Project("{FAE04EC0-301F-11D3-BF4B-00C04F79EFBC}") = "Krackend.EventSourcing", "src\Krackend.EventSourcing\Krackend.EventSourcing.csproj", "{1078F14A-F886-4BF7-8BEC-9E13668A1CED}"
EndProject
Project("{FAE04EC0-301F-11D3-BF4B-00C04F79EFBC}") = "Krackend.EventSourcing.Tests", "tests\Krackend.EventSourcing.Tests\Krackend.EventSourcing.Tests.csproj", "{19105B9C-A8B9-46B5-9656-780CA98C9A3F}"
EndProject
Project("{2150E333-8FDC-42A3-9474-1A3956D46DE8}") = "samples", "samples", "{5D20AA90-6969-D8BD-9DCD-8634F4692FDA}"
EndProject
Project("{FAE04EC0-301F-11D3-BF4B-00C04F79EFBC}") = "Krackend.EventSourcing.Sqlite.Sample", "samples\Krackend.EventSourcing.Sqlite.Sample\Krackend.EventSourcing.Sqlite.Sample.csproj", "{684A1052-CC2A-4023-9EB9-D7B801045CDA}"
EndProject
Project("{FAE04EC0-301F-11D3-BF4B-00C04F79EFBC}") = "Krackend.EventSourcing.Pelican.Sample", "samples\Krackend.EventSourcing.Pelican.Sample\Krackend.EventSourcing.Pelican.Sample.csproj", "{C3A9A6FF-AD83-4AD6-9A49-2860D3F7C988}"
EndProject
Global
	GlobalSection(SolutionConfigurationPlatforms) = preSolution
		Debug|Any CPU = Debug|Any CPU
		Debug|x64 = Debug|x64
		Debug|x86 = Debug|x86
		Release|Any CPU = Release|Any CPU
		Release|x64 = Release|x64
		Release|x86 = Release|x86
	EndGlobalSection
	GlobalSection(ProjectConfigurationPlatforms) = postSolution
		{1DEAB35F-07FA-40A0-83BA-01527DF27080}.Debug|Any CPU.ActiveCfg = Debug|Any CPU
		{1DEAB35F-07FA-40A0-83BA-01527DF27080}.Debug|Any CPU.Build.0 = Debug|Any CPU
		{1DEAB35F-07FA-40A0-83BA-01527DF27080}.Debug|x64.ActiveCfg = Debug|Any CPU
		{1DEAB35F-07FA-40A0-83BA-01527DF27080}.Debug|x64.Build.0 = Debug|Any CPU
		{1DEAB35F-07FA-40A0-83BA-01527DF27080}.Debug|x86.ActiveCfg = Debug|Any CPU
		{1DEAB35F-07FA-40A0-83BA-01527DF27080}.Debug|x86.Build.0 = Debug|Any CPU
		{1DEAB35F-07FA-40A0-83BA-01527DF27080}.Release|Any CPU.ActiveCfg = Release|Any CPU
		{1DEAB35F-07FA-40A0-83BA-01527DF27080}.Release|Any CPU.Build.0 = Release|Any CPU
		{1DEAB35F-07FA-40A0-83BA-01527DF27080}.Release|x64.ActiveCfg = Release|Any CPU
		{1DEAB35F-07FA-40A0-83BA-01527DF27080}.Release|x64.Build.0 = Release|Any CPU
		{1DEAB35F-07FA-40A0-83BA-01527DF27080}.Release|x86.ActiveCfg = Release|Any CPU
		{1DEAB35F-07FA-40A0-83BA-01527DF27080}.Release|x86.Build.0 = Release|Any CPU
		{51F19562-46AD-49A0-83DE-1604D789A9C7}.Debug|Any CPU.ActiveCfg = Debug|Any CPU
		{51F19562-46AD-49A0-83DE-1604D789A9C7}.Debug|Any CPU.Build.0 = Debug|Any CPU
		{51F19562-46AD-49A0-83DE-1604D789A9C7}.Debug|x64.ActiveCfg = Debug|Any CPU
		{51F19562-46AD-49A0-83DE-1604D789A9C7}.Debug|x64.Build.0 = Debug|Any CPU
		{51F19562-46AD-49A0-83DE-1604D789A9C7}.Debug|x86.ActiveCfg = Debug|Any CPU
		{51F19562-46AD-49A0-83DE-1604D789A9C7}.Debug|x86.Build.0 = Debug|Any CPU
		{51F19562-46AD-49A0-83DE-1604D789A9C7}.Release|Any CPU.ActiveCfg = Release|Any CPU
		{51F19562-46AD-49A0-83DE-1604D789A9C7}.Release|Any CPU.Build.0 = Release|Any CPU
		{51F19562-46AD-49A0-83DE-1604D789A9C7}.Release|x64.ActiveCfg = Release|Any CPU
		{51F19562-46AD-49A0-83DE-1604D789A9C7}.Release|x64.Build.0 = Release|Any CPU
		{51F19562-46AD-49A0-83DE-1604D789A9C7}.Release|x86.ActiveCfg = Release|Any CPU
		{51F19562-46AD-49A0-83DE-1604D789A9C7}.Release|x86.Build.0 = Release|Any CPU
		{9E485771-CC29-41F4-81D2-1C703C0B4C18}.Debug|Any CPU.ActiveCfg = Debug|Any CPU
		{9E485771-CC29-41F4-81D2-1C703C0B4C18}.Debug|Any CPU.Build.0 = Debug|Any CPU
		{9E485771-CC29-41F4-81D2-1C703C0B4C18}.Debug|x64.ActiveCfg = Debug|Any CPU
		{9E485771-CC29-41F4-81D2-1C703C0B4C18}.Debug|x64.Build.0 = Debug|Any CPU
		{9E485771-CC29-41F4-81D2-1C703C0B4C18}.Debug|x86.ActiveCfg = Debug|Any CPU
		{9E485771-CC29-41F4-81D2-1C703C0B4C18}.Debug|x86.Build.0 = Debug|Any CPU
		{9E485771-CC29-41F4-81D2-1C703C0B4C18}.Release|Any CPU.ActiveCfg = Release|Any CPU
		{9E485771-CC29-41F4-81D2-1C703C0B4C18}.Release|Any CPU.Build.0 = Release|Any CPU
		{9E485771-CC29-41F4-81D2-1C703C0B4C18}.Release|x64.ActiveCfg = Release|Any CPU
		{9E485771-CC29-41F4-81D2-1C703C0B4C18}.Release|x64.Build.0 = Release|Any CPU
		{9E485771-CC29-41F4-81D2-1C703C0B4C18}.Release|x86.ActiveCfg = Release|Any CPU
		{9E485771-CC29-41F4-81D2-1C703C0B4C18}.Release|x86.Build.0 = Release|Any CPU
		{1078F14A-F886-4BF7-8BEC-9E13668A1CED}.Debug|Any CPU.ActiveCfg = Debug|Any CPU
		{1078F14A-F886-4BF7-8BEC-9E13668A1CED}.Debug|Any CPU.Build.0 = Debug|Any CPU
		{1078F14A-F886-4BF7-8BEC-9E13668A1CED}.Debug|x64.ActiveCfg = Debug|Any CPU
		{1078F14A-F886-4BF7-8BEC-9E13668A1CED}.Debug|x64.Build.0 = Debug|Any CPU
		{1078F14A-F886-4BF7-8BEC-9E13668A1CED}.Debug|x86.ActiveCfg = Debug|Any CPU
		{1078F14A-F886-4BF7-8BEC-9E13668A1CED}.Debug|x86.Build.0 = Debug|Any CPU
		{1078F14A-F886-4BF7-8BEC-9E13668A1CED}.Release|Any CPU.ActiveCfg = Release|Any CPU
		{1078F14A-F886-4BF7-8BEC-9E13668A1CED}.Release|Any CPU.Build.0 = Release|Any CPU
		{1078F14A-F886-4BF7-8BEC-9E13668A1CED}.Release|x64.ActiveCfg = Release|Any CPU
		{1078F14A-F886-4BF7-8BEC-9E13668A1CED}.Release|x64.Build.0 = Release|Any CPU
		{1078F14A-F886-4BF7-8BEC-9E13668A1CED}.Release|x86.ActiveCfg = Release|Any CPU
		{1078F14A-F886-4BF7-8BEC-9E13668A1CED}.Release|x86.Build.0 = Release|Any CPU
		{19105B9C-A8B9-46B5-9656-780CA98C9A3F}.Debug|Any CPU.ActiveCfg = Debug|Any CPU
		{19105B9C-A8B9-46B5-9656-780CA98C9A3F}.Debug|Any CPU.Build.0 = Debug|Any CPU
		{19105B9C-A8B9-46B5-9656-780CA98C9A3F}.Debug|x64.ActiveCfg = Debug|Any CPU
		{19105B9C-A8B9-46B5-9656-780CA98C9A3F}.Debug|x64.Build.0 = Debug|Any CPU
		{19105B9C-A8B9-46B5-9656-780CA98C9A3F}.Debug|x86.ActiveCfg = Debug|Any CPU
		{19105B9C-A8B9-46B5-9656-780CA98C9A3F}.Debug|x86.Build.0 = Debug|Any CPU
		{19105B9C-A8B9-46B5-9656-780CA98C9A3F}.Release|Any CPU.ActiveCfg = Release|Any CPU
		{19105B9C-A8B9-46B5-9656-780CA98C9A3F}.Release|Any CPU.Build.0 = Release|Any CPU
		{19105B9C-A8B9-46B5-9656-780CA98C9A3F}.Release|x64.ActiveCfg = Release|Any CPU
		{19105B9C-A8B9-46B5-9656-780CA98C9A3F}.Release|x64.Build.0 = Release|Any CPU
		{19105B9C-A8B9-46B5-9656-780CA98C9A3F}.Release|x86.ActiveCfg = Release|Any CPU
		{19105B9C-A8B9-46B5-9656-780CA98C9A3F}.Release|x86.Build.0 = Release|Any CPU
		{684A1052-CC2A-4023-9EB9-D7B801045CDA}.Debug|Any CPU.ActiveCfg = Debug|Any CPU
		{684A1052-CC2A-4023-9EB9-D7B801045CDA}.Debug|Any CPU.Build.0 = Debug|Any CPU
		{684A1052-CC2A-4023-9EB9-D7B801045CDA}.Debug|x64.ActiveCfg = Debug|Any CPU
		{684A1052-CC2A-4023-9EB9-D7B801045CDA}.Debug|x64.Build.0 = Debug|Any CPU
		{684A1052-CC2A-4023-9EB9-D7B801045CDA}.Debug|x86.ActiveCfg = Debug|Any CPU
		{684A1052-CC2A-4023-9EB9-D7B801045CDA}.Debug|x86.Build.0 = Debug|Any CPU
		{684A1052-CC2A-4023-9EB9-D7B801045CDA}.Release|Any CPU.ActiveCfg = Release|Any CPU
		{684A1052-CC2A-4023-9EB9-D7B801045CDA}.Release|Any CPU.Build.0 = Release|Any CPU
		{684A1052-CC2A-4023-9EB9-D7B801045CDA}.Release|x64.ActiveCfg = Release|Any CPU
		{684A1052-CC2A-4023-9EB9-D7B801045CDA}.Release|x64.Build.0 = Release|Any CPU
		{684A1052-CC2A-4023-9EB9-D7B801045CDA}.Release|x86.ActiveCfg = Release|Any CPU
		{684A1052-CC2A-4023-9EB9-D7B801045CDA}.Release|x86.Build.0 = Release|Any CPU
		{C3A9A6FF-AD83-4AD6-9A49-2860D3F7C988}.Debug|Any CPU.ActiveCfg = Debug|Any CPU
		{C3A9A6FF-AD83-4AD6-9A49-2860D3F7C988}.Debug|Any CPU.Build.0 = Debug|Any CPU
		{C3A9A6FF-AD83-4AD6-9A49-2860D3F7C988}.Debug|x64.ActiveCfg = Debug|Any CPU
		{C3A9A6FF-AD83-4AD6-9A49-2860D3F7C988}.Debug|x64.Build.0 = Debug|Any CPU
		{C3A9A6FF-AD83-4AD6-9A49-2860D3F7C988}.Debug|x86.ActiveCfg = Debug|Any CPU
		{C3A9A6FF-AD83-4AD6-9A49-2860D3F7C988}.Debug|x86.Build.0 = Debug|Any CPU
		{C3A9A6FF-AD83-4AD6-9A49-2860D3F7C988}.Release|Any CPU.ActiveCfg = Release|Any CPU
		{C3A9A6FF-AD83-4AD6-9A49-2860D3F7C988}.Release|Any CPU.Build.0 = Release|Any CPU
		{C3A9A6FF-AD83-4AD6-9A49-2860D3F7C988}.Release|x64.ActiveCfg = Release|Any CPU
		{C3A9A6FF-AD83-4AD6-9A49-2860D3F7C988}.Release|x64.Build.0 = Release|Any CPU
		{C3A9A6FF-AD83-4AD6-9A49-2860D3F7C988}.Release|x86.ActiveCfg = Release|Any CPU
		{C3A9A6FF-AD83-4AD6-9A49-2860D3F7C988}.Release|x86.Build.0 = Release|Any CPU
	EndGlobalSection
	GlobalSection(SolutionProperties) = preSolution
		HideSolutionNode = FALSE
	EndGlobalSection
	GlobalSection(NestedProjects) = preSolution
		{1DEAB35F-07FA-40A0-83BA-01527DF27080} = {6711B2C7-0746-4A45-8E61-BA235480C06A}
		{51F19562-46AD-49A0-83DE-1604D789A9C7} = {E888E2D4-A105-4B19-8A53-86DFDA724740}
		{9E485771-CC29-41F4-81D2-1C703C0B4C18} = {E888E2D4-A105-4B19-8A53-86DFDA724740}
		{1078F14A-F886-4BF7-8BEC-9E13668A1CED} = {6711B2C7-0746-4A45-8E61-BA235480C06A}
		{19105B9C-A8B9-46B5-9656-780CA98C9A3F} = {E888E2D4-A105-4B19-8A53-86DFDA724740}
		{684A1052-CC2A-4023-9EB9-D7B801045CDA} = {5D20AA90-6969-D8BD-9DCD-8634F4692FDA}
		{C3A9A6FF-AD83-4AD6-9A49-2860D3F7C988} = {5D20AA90-6969-D8BD-9DCD-8634F4692FDA}
	EndGlobalSection
	GlobalSection(ExtensibilityGlobals) = postSolution
		SolutionGuid = {3F2B5274-3B0F-4F73-B211-9BD128E1AF56}
	EndGlobalSection
EndGlobal
