
Microsoft Visual Studio Solution File, Format Version 12.00
# Visual Studio Version 18
VisualStudioVersion = 18.9.12105.275
MinimumVisualStudioVersion = 10.0.40219.1
Project("{2150E333-8FDC-42A3-9474-1A3956D46DE8}") = "src", "src", "{6711B2C7-0746-4A45-8E61-BA235480C06A}"
EndProject
Project("{2150E333-8FDC-42A3-9474-1A3956D46DE8}") = "tests", "tests", "{E888E2D4-A105-4B19-8A53-86DFDA724740}"
EndProject
Project("{2150E333-8FDC-42A3-9474-1A3956D46DE8}") = "Solution Items", "Solution Items", "{6E21585C-62F9-49D6-91CA-CFDA7A856FEB}"
	ProjectSection(SolutionItems) = preProject
		Directory.Build.props = Directory.Build.props
		Directory.Build.targets = Directory.Build.targets
	EndProjectSection
EndProject
Project("{FAE04EC0-301F-11D3-BF4B-00C04F79EFBC}") = "Krackend.EventSourcing", "src\Krackend.EventSourcing\Krackend.EventSourcing.csproj", "{1078F14A-F886-4BF7-8BEC-9E13668A1CED}"
EndProject
Project("{FAE04EC0-301F-11D3-BF4B-00C04F79EFBC}") = "Krackend.EventSourcing.Tests", "tests\Krackend.EventSourcing.Tests\Krackend.EventSourcing.Tests.csproj", "{19105B9C-A8B9-46B5-9656-780CA98C9A3F}"
EndProject
Project("{2150E333-8FDC-42A3-9474-1A3956D46DE8}") = "samples", "samples", "{5D20AA90-6969-D8BD-9DCD-8634F4692FDA}"
EndProject
Project("{FAE04EC0-301F-11D3-BF4B-00C04F79EFBC}") = "Krackend.EventSourcing.Sqlite.Sample", "samples\Krackend.EventSourcing.Sqlite.Sample\Krackend.EventSourcing.Sqlite.Sample.csproj", "{684A1052-CC2A-4023-9EB9-D7B801045CDA}"
EndProject
Project("{FAE04EC0-301F-11D3-BF4B-00C04F79EFBC}") = "Krackend.EventSourcing.Pelican.Sample", "samples\Krackend.EventSourcing.Pelican.Sample\Krackend.EventSourcing.Pelican.Sample.csproj", "{C3A9A6FF-AD83-4AD6-9A49-2860D3F7C988}"
EndProject
Project("{FAE04EC0-301F-11D3-BF4B-00C04F79EFBC}") = "Krackend.EventSourcing.Abstractions", "src\Krackend.EventSourcing.Abstractions\Krackend.EventSourcing.Abstractions.csproj", "{DCAFB1F9-A40A-428E-BEB5-2FB396B5295E}"
EndProject
Project("{FAE04EC0-301F-11D3-BF4B-00C04F79EFBC}") = "Krackend.EventSourcing.EntityFrameworkCore", "src\Krackend.EventSourcing.EntityFrameworkCore\Krackend.EventSourcing.EntityFrameworkCore.csproj", "{BE124EE0-16CA-4790-B652-DC1E7E9D2512}"
EndProject
Project("{FAE04EC0-301F-11D3-BF4B-00C04F79EFBC}") = "Krackend.EventSourcing.Projections", "src\Krackend.EventSourcing.Projections\Krackend.EventSourcing.Projections.csproj", "{A034C0CA-07B0-43E0-9D63-F8B3A25EC73A}"
EndProject
Project("{FAE04EC0-301F-11D3-BF4B-00C04F79EFBC}") = "Krackend.EventSourcing.Analyzers", "src\Krackend.EventSourcing.Analyzers\Krackend.EventSourcing.Analyzers.csproj", "{6AB71B0E-2DCE-4C96-A0A5-FE1B7BE72717}"
EndProject
Project("{FAE04EC0-301F-11D3-BF4B-00C04F79EFBC}") = "Krackend.EventSourcing.Testing", "src\Krackend.EventSourcing.Testing\Krackend.EventSourcing.Testing.csproj", "{363783F6-B512-4228-A413-F81027349471}"
EndProject
Project("{FAE04EC0-301F-11D3-BF4B-00C04F79EFBC}") = "Krackend.EventSourcing.Centralized.Sample", "samples\Krackend.EventSourcing.Centralized.Sample\Krackend.EventSourcing.Centralized.Sample.csproj", "{CB23D773-B534-467C-9A71-983CD3759FB9}"
EndProject
Project("{FAE04EC0-301F-11D3-BF4B-00C04F79EFBC}") = "Krackend.Sagas.Orchestrations.Abstractions", "src\Krackend.Sagas.Orchestrations.Abstractions\Krackend.Sagas.Orchestrations.Abstractions.csproj", "{C7F011B8-88FD-4933-9271-F5B52D591E27}"
EndProject
Project("{FAE04EC0-301F-11D3-BF4B-00C04F79EFBC}") = "Krackend.Sagas.Orchestrations.Contracts", "src\Krackend.Sagas.Orchestrations.Contracts\Krackend.Sagas.Orchestrations.Contracts.csproj", "{7C5E63A2-5D80-4695-A5D6-984E03534F43}"
EndProject
Project("{FAE04EC0-301F-11D3-BF4B-00C04F79EFBC}") = "Krackend.Sagas.Orchestrations.Design", "src\Krackend.Sagas.Orchestrations.Design\Krackend.Sagas.Orchestrations.Design.csproj", "{6BF56AC9-40FB-47F6-8CB9-1895A0FFABFF}"
EndProject
Project("{FAE04EC0-301F-11D3-BF4B-00C04F79EFBC}") = "Krackend.Sagas.Orchestrations.Design.Interaction", "src\Krackend.Sagas.Orchestrations.Design.Interaction\Krackend.Sagas.Orchestrations.Design.Interaction.csproj", "{C71A3126-74DD-4205-9D97-60B455F9F395}"
EndProject
Project("{FAE04EC0-301F-11D3-BF4B-00C04F79EFBC}") = "Krackend.Sagas.Orchestrations.Design.Storage.SqlServer", "src\Krackend.Sagas.Orchestrations.Design.Storage.SqlServer\Krackend.Sagas.Orchestrations.Design.Storage.SqlServer.csproj", "{0CC9E2A2-EAC9-4D22-BB38-B392E4A6F80F}"
EndProject
Project("{FAE04EC0-301F-11D3-BF4B-00C04F79EFBC}") = "Krackend.Sagas.Orchestrations.Security", "src\Krackend.Sagas.Orchestrations.Security\Krackend.Sagas.Orchestrations.Security.csproj", "{42646331-20E6-4605-A066-E709628BF90E}"
EndProject
Project("{FAE04EC0-301F-11D3-BF4B-00C04F79EFBC}") = "Krackend.Sagas.Orchestrations.Security.Interaction", "src\Krackend.Sagas.Orchestrations.Security.Interaction\Krackend.Sagas.Orchestrations.Security.Interaction.csproj", "{08F630B3-65D3-4B92-8A2C-5E13E0134B12}"
EndProject
Project("{FAE04EC0-301F-11D3-BF4B-00C04F79EFBC}") = "Krackend.Sagas.Orchestrations.Security.Storage.SqlServer", "src\Krackend.Sagas.Orchestrations.Security.Storage.SqlServer\Krackend.Sagas.Orchestrations.Security.Storage.SqlServer.csproj", "{4171A7DF-6351-4A09-9287-4912BDAA0967}"
EndProject
Project("{FAE04EC0-301F-11D3-BF4B-00C04F79EFBC}") = "Krackend.Sagas.Orchestrations.Distribution", "src\Krackend.Sagas.Orchestrations.Distribution\Krackend.Sagas.Orchestrations.Distribution.csproj", "{A93C6F60-C33B-461F-812E-0FE089F7C64A}"
EndProject
Project("{FAE04EC0-301F-11D3-BF4B-00C04F79EFBC}") = "Krackend.Sagas.Orchestrations.Distribution.Interaction", "src\Krackend.Sagas.Orchestrations.Distribution.Interaction\Krackend.Sagas.Orchestrations.Distribution.Interaction.csproj", "{C93931D0-A90F-4745-9E2F-283414A42DE7}"
EndProject
Project("{FAE04EC0-301F-11D3-BF4B-00C04F79EFBC}") = "Krackend.Sagas.Orchestrations.Distribution.Storage.SqlServer", "src\Krackend.Sagas.Orchestrations.Distribution.Storage.SqlServer\Krackend.Sagas.Orchestrations.Distribution.Storage.SqlServer.csproj", "{5943A277-4DF4-4F65-9B1A-6D82A08BC48D}"
EndProject
Project("{FAE04EC0-301F-11D3-BF4B-00C04F79EFBC}") = "Krackend.Sagas.Orchestrations.WebUI.Shell", "src\Krackend.Sagas.Orchestrations.WebUI.Shell\Krackend.Sagas.Orchestrations.WebUI.Shell.csproj", "{0EBEBE74-5FCD-4110-91E6-6B3DA0C96C42}"
EndProject
Project("{FAE04EC0-301F-11D3-BF4B-00C04F79EFBC}") = "Krackend.Sagas.Orchestrations.Design.WebUI", "src\Krackend.Sagas.Orchestrations.Design.WebUI\Krackend.Sagas.Orchestrations.Design.WebUI.csproj", "{1295EBC5-DAD4-42E5-878B-4C93D8660832}"
EndProject
Project("{FAE04EC0-301F-11D3-BF4B-00C04F79EFBC}") = "Krackend.Sagas.Orchestrations.Distribution.WebUI", "src\Krackend.Sagas.Orchestrations.Distribution.WebUI\Krackend.Sagas.Orchestrations.Distribution.WebUI.csproj", "{D3313E5C-714B-4B66-98BA-EABDDA6395AD}"
EndProject
Project("{FAE04EC0-301F-11D3-BF4B-00C04F79EFBC}") = "Krackend.Sagas.Orchestrations.Security.WebUI", "src\Krackend.Sagas.Orchestrations.Security.WebUI\Krackend.Sagas.Orchestrations.Security.WebUI.csproj", "{E391BE0C-5798-4E11-9718-D39F7F2C5339}"
EndProject
Project("{FAE04EC0-301F-11D3-BF4B-00C04F79EFBC}") = "Krackend.Sagas.Orchestrations.ControlPlane.Bootstrap", "src\Krackend.Sagas.Orchestrations.ControlPlane.Bootstrap\Krackend.Sagas.Orchestrations.ControlPlane.Bootstrap.csproj", "{691A0EF4-E821-4B92-8DBB-E02CB60073C3}"
EndProject
Project("{FAE04EC0-301F-11D3-BF4B-00C04F79EFBC}") = "Krackend.Sagas.Orchestrations.ControlPlaneHost.Sample", "samples\Krackend.Sagas.Orchestrations.ControlPlaneHost.Sample\Krackend.Sagas.Orchestrations.ControlPlaneHost.Sample.csproj", "{D0856494-E3CD-45B9-9C9C-44583F913475}"
EndProject
Project("{2150E333-8FDC-42A3-9474-1A3956D46DE8}") = "EventSourcing", "EventSourcing", "{AFCBAC44-B083-49E5-B940-6C04E3DB6522}"
EndProject
Project("{2150E333-8FDC-42A3-9474-1A3956D46DE8}") = "SAGAS", "SAGAS", "{9B607920-26A0-46EA-BA6A-A52EA72FAB36}"
EndProject
Project("{2150E333-8FDC-42A3-9474-1A3956D46DE8}") = "Orchestrations", "Orchestrations", "{78A858F9-427E-427A-8B34-D82BB95A07D8}"
EndProject
Project("{FAE04EC0-301F-11D3-BF4B-00C04F79EFBC}") = "Krackend.Sagas.Orchestrations.Runtime", "src\Krackend.Sagas.Orchestrations.Runtime\Krackend.Sagas.Orchestrations.Runtime.csproj", "{46F3665D-1863-45DE-8783-C852D7EE5A4B}"
EndProject
Project("{FAE04EC0-301F-11D3-BF4B-00C04F79EFBC}") = "Krackend.Sagas.Orchestrations.Runtime.Messaging.Pigeon", "src\Krackend.Sagas.Orchestrations.Runtime.Messaging.Pigeon\Krackend.Sagas.Orchestrations.Runtime.Messaging.Pigeon.csproj", "{CCB91316-FDFC-4C5D-A428-6CB50D575385}"
EndProject
Project("{FAE04EC0-301F-11D3-BF4B-00C04F79EFBC}") = "Krackend.Sagas.Orchestrations.RuntimeHost.Sample", "samples\Krackend.Sagas.Orchestrations.RuntimeHost.Sample\Krackend.Sagas.Orchestrations.RuntimeHost.Sample\Krackend.Sagas.Orchestrations.RuntimeHost.Sample.csproj", "{180E77D5-9133-47E4-812A-6F7108994C48}"
EndProject
Project("{FAE04EC0-301F-11D3-BF4B-00C04F79EFBC}") = "Krackend.Sagas.Orchestrations.Runtime.Buffering.Mule", "src\Krackend.Sagas.Orchestrations.Runtime.Buffering.Mule\Krackend.Sagas.Orchestrations.Runtime.Buffering.Mule.csproj", "{4D7D304B-D522-463A-ADF0-67970F6AE7EC}"
EndProject
Project("{FAE04EC0-301F-11D3-BF4B-00C04F79EFBC}") = "Krackend.Sagas.Orchestrations.Runtime.Storage.SqlServer", "src\Krackend.Sagas.Orchestrations.Runtime.Storage.SqlServer\Krackend.Sagas.Orchestrations.Runtime.Storage.SqlServer.csproj", "{FB57F68E-FCB7-4A4F-9CDA-249334DEA331}"
EndProject
Project("{FAE04EC0-301F-11D3-BF4B-00C04F79EFBC}") = "Krackend.Sagas.Orchestrations.Client", "src\Krackend.Sagas.Orchestrations.Client\Krackend.Sagas.Orchestrations.Client.csproj", "{680D5D63-65D9-4AE0-90A6-73ECA1132B0B}"
EndProject
Project("{FAE04EC0-301F-11D3-BF4B-00C04F79EFBC}") = "Krackend.Sagas.Orchestrations.Client.Messaging.Pigeon", "src\Krackend.Sagas.Orchestrations.Client.Messaging.Pigeon\Krackend.Sagas.Orchestrations.Client.Messaging.Pigeon.csproj", "{01A2F9D1-0AA5-4B94-A8EE-A39BDB597446}"
EndProject
Global
	GlobalSection(SolutionConfigurationPlatforms) = preSolution
		Debug|Any CPU = Debug|Any CPU
		Debug|x64 = Debug|x64
		Debug|x86 = Debug|x86
		Release|Any CPU = Release|Any CPU
		Release|x64 = Release|x64
		Release|x86 = Release|x86
	EndGlobalSection
	GlobalSection(ProjectConfigurationPlatforms) = postSolution
		{1078F14A-F886-4BF7-8BEC-9E13668A1CED}.Debug|Any CPU.ActiveCfg = Debug|Any CPU
		{1078F14A-F886-4BF7-8BEC-9E13668A1CED}.Debug|Any CPU.Build.0 = Debug|Any CPU
		{1078F14A-F886-4BF7-8BEC-9E13668A1CED}.Debug|x64.ActiveCfg = Debug|Any CPU
		{1078F14A-F886-4BF7-8BEC-9E13668A1CED}.Debug|x64.Build.0 = Debug|Any CPU
		{1078F14A-F886-4BF7-8BEC-9E13668A1CED}.Debug|x86.ActiveCfg = Debug|Any CPU
		{1078F14A-F886-4BF7-8BEC-9E13668A1CED}.Debug|x86.Build.0 = Debug|Any CPU
		{1078F14A-F886-4BF7-8BEC-9E13668A1CED}.Release|Any CPU.ActiveCfg = Release|Any CPU
		{1078F14A-F886-4BF7-8BEC-9E13668A1CED}.Release|Any CPU.Build.0 = Release|Any CPU
		{1078F14A-F886-4BF7-8BEC-9E13668A1CED}.Release|x64.ActiveCfg = Release|Any CPU
		{1078F14A-F886-4BF7-8BEC-9E13668A1CED}.Release|x64.Build.0 = Release|Any CPU
		{1078F14A-F886-4BF7-8BEC-9E13668A1CED}.Release|x86.ActiveCfg = Release|Any CPU
		{1078F14A-F886-4BF7-8BEC-9E13668A1CED}.Release|x86.Build.0 = Release|Any CPU
		{19105B9C-A8B9-46B5-9656-780CA98C9A3F}.Debug|Any CPU.ActiveCfg = Debug|Any CPU
		{19105B9C-A8B9-46B5-9656-780CA98C9A3F}.Debug|Any CPU.Build.0 = Debug|Any CPU
		{19105B9C-A8B9-46B5-9656-780CA98C9A3F}.Debug|x64.ActiveCfg = Debug|Any CPU
		{19105B9C-A8B9-46B5-9656-780CA98C9A3F}.Debug|x64.Build.0 = Debug|Any CPU
		{19105B9C-A8B9-46B5-9656-780CA98C9A3F}.Debug|x86.ActiveCfg = Debug|Any CPU
		{19105B9C-A8B9-46B5-9656-780CA98C9A3F}.Debug|x86.Build.0 = Debug|Any CPU
		{19105B9C-A8B9-46B5-9656-780CA98C9A3F}.Release|Any CPU.ActiveCfg = Release|Any CPU
		{19105B9C-A8B9-46B5-9656-780CA98C9A3F}.Release|Any CPU.Build.0 = Release|Any CPU
		{19105B9C-A8B9-46B5-9656-780CA98C9A3F}.Release|x64.ActiveCfg = Release|Any CPU
		{19105B9C-A8B9-46B5-9656-780CA98C9A3F}.Release|x64.Build.0 = Release|Any CPU
		{19105B9C-A8B9-46B5-9656-780CA98C9A3F}.Release|x86.ActiveCfg = Release|Any CPU
		{19105B9C-A8B9-46B5-9656-780CA98C9A3F}.Release|x86.Build.0 = Release|Any CPU
		{684A1052-CC2A-4023-9EB9-D7B801045CDA}.Debug|Any CPU.ActiveCfg = Debug|Any CPU
		{684A1052-CC2A-4023-9EB9-D7B801045CDA}.Debug|Any CPU.Build.0 = Debug|Any CPU
		{684A1052-CC2A-4023-9EB9-D7B801045CDA}.Debug|x64.ActiveCfg = Debug|Any CPU
		{684A1052-CC2A-4023-9EB9-D7B801045CDA}.Debug|x64.Build.0 = Debug|Any CPU
		{684A1052-CC2A-4023-9EB9-D7B801045CDA}.Debug|x86.ActiveCfg = Debug|Any CPU
		{684A1052-CC2A-4023-9EB9-D7B801045CDA}.Debug|x86.Build.0 = Debug|Any CPU
		{684A1052-CC2A-4023-9EB9-D7B801045CDA}.Release|Any CPU.ActiveCfg = Release|Any CPU
		{684A1052-CC2A-4023-9EB9-D7B801045CDA}.Release|Any CPU.Build.0 = Release|Any CPU
		{684A1052-CC2A-4023-9EB9-D7B801045CDA}.Release|x64.ActiveCfg = Release|Any CPU
		{684A1052-CC2A-4023-9EB9-D7B801045CDA}.Release|x64.Build.0 = Release|Any CPU
		{684A1052-CC2A-4023-9EB9-D7B801045CDA}.Release|x86.ActiveCfg = Release|Any CPU
		{684A1052-CC2A-4023-9EB9-D7B801045CDA}.Release|x86.Build.0 = Release|Any CPU
		{C3A9A6FF-AD83-4AD6-9A49-2860D3F7C988}.Debug|Any CPU.ActiveCfg = Debug|Any CPU
		{C3A9A6FF-AD83-4AD6-9A49-2860D3F7C988}.Debug|Any CPU.Build.0 = Debug|Any CPU
		{C3A9A6FF-AD83-4AD6-9A49-2860D3F7C988}.Debug|x64.ActiveCfg = Debug|Any CPU
		{C3A9A6FF-AD83-4AD6-9A49-2860D3F7C988}.Debug|x64.Build.0 = Debug|Any CPU
		{C3A9A6FF-AD83-4AD6-9A49-2860D3F7C988}.Debug|x86.ActiveCfg = Debug|Any CPU
		{C3A9A6FF-AD83-4AD6-9A49-2860D3F7C988}.Debug|x86.Build.0 = Debug|Any CPU
		{C3A9A6FF-AD83-4AD6-9A49-2860D3F7C988}.Release|Any CPU.ActiveCfg = Release|Any CPU
		{C3A9A6FF-AD83-4AD6-9A49-2860D3F7C988}.Release|Any CPU.Build.0 = Release|Any CPU
		{C3A9A6FF-AD83-4AD6-9A49-2860D3F7C988}.Release|x64.ActiveCfg = Release|Any CPU
		{C3A9A6FF-AD83-4AD6-9A49-2860D3F7C988}.Release|x64.Build.0 = Release|Any CPU
		{C3A9A6FF-AD83-4AD6-9A49-2860D3F7C988}.Release|x86.ActiveCfg = Release|Any CPU
		{C3A9A6FF-AD83-4AD6-9A49-2860D3F7C988}.Release|x86.Build.0 = Release|Any CPU
		{DCAFB1F9-A40A-428E-BEB5-2FB396B5295E}.Debug|Any CPU.ActiveCfg = Debug|Any CPU
		{DCAFB1F9-A40A-428E-BEB5-2FB396B5295E}.Debug|Any CPU.Build.0 = Debug|Any CPU
		{DCAFB1F9-A40A-428E-BEB5-2FB396B5295E}.Debug|x64.ActiveCfg = Debug|Any CPU
		{DCAFB1F9-A40A-428E-BEB5-2FB396B5295E}.Debug|x64.Build.0 = Debug|Any CPU
		{DCAFB1F9-A40A-428E-BEB5-2FB396B5295E}.Debug|x86.ActiveCfg = Debug|Any CPU
		{DCAFB1F9-A40A-428E-BEB5-2FB396B5295E}.Debug|x86.Build.0 = Debug|Any CPU
		{DCAFB1F9-A40A-428E-BEB5-2FB396B5295E}.Release|Any CPU.ActiveCfg = Release|Any CPU
		{DCAFB1F9-A40A-428E-BEB5-2FB396B5295E}.Release|Any CPU.Build.0 = Release|Any CPU
		{DCAFB1F9-A40A-428E-BEB5-2FB396B5295E}.Release|x64.ActiveCfg = Release|Any CPU
		{DCAFB1F9-A40A-428E-BEB5-2FB396B5295E}.Release|x64.Build.0 = Release|Any CPU
		{DCAFB1F9-A40A-428E-BEB5-2FB396B5295E}.Release|x86.ActiveCfg = Release|Any CPU
		{DCAFB1F9-A40A-428E-BEB5-2FB396B5295E}.Release|x86.Build.0 = Release|Any CPU
		{BE124EE0-16CA-4790-B652-DC1E7E9D2512}.Debug|Any CPU.ActiveCfg = Debug|Any CPU
		{BE124EE0-16CA-4790-B652-DC1E7E9D2512}.Debug|Any CPU.Build.0 = Debug|Any CPU
		{BE124EE0-16CA-4790-B652-DC1E7E9D2512}.Debug|x64.ActiveCfg = Debug|Any CPU
		{BE124EE0-16CA-4790-B652-DC1E7E9D2512}.Debug|x64.Build.0 = Debug|Any CPU
		{BE124EE0-16CA-4790-B652-DC1E7E9D2512}.Debug|x86.ActiveCfg = Debug|Any CPU
		{BE124EE0-16CA-4790-B652-DC1E7E9D2512}.Debug|x86.Build.0 = Debug|Any CPU
		{BE124EE0-16CA-4790-B652-DC1E7E9D2512}.Release|Any CPU.ActiveCfg = Release|Any CPU
		{BE124EE0-16CA-4790-B652-DC1E7E9D2512}.Release|Any CPU.Build.0 = Release|Any CPU
		{BE124EE0-16CA-4790-B652-DC1E7E9D2512}.Release|x64.ActiveCfg = Release|Any CPU
		{BE124EE0-16CA-4790-B652-DC1E7E9D2512}.Release|x64.Build.0 = Release|Any CPU
		{BE124EE0-16CA-4790-B652-DC1E7E9D2512}.Release|x86.ActiveCfg = Release|Any CPU
		{BE124EE0-16CA-4790-B652-DC1E7E9D2512}.Release|x86.Build.0 = Release|Any CPU
		{A034C0CA-07B0-43E0-9D63-F8B3A25EC73A}.Debug|Any CPU.ActiveCfg = Debug|Any CPU
		{A034C0CA-07B0-43E0-9D63-F8B3A25EC73A}.Debug|Any CPU.Build.0 = Debug|Any CPU
		{A034C0CA-07B0-43E0-9D63-F8B3A25EC73A}.Debug|x64.ActiveCfg = Debug|Any CPU
		{A034C0CA-07B0-43E0-9D63-F8B3A25EC73A}.Debug|x64.Build.0 = Debug|Any CPU
		{A034C0CA-07B0-43E0-9D63-F8B3A25EC73A}.Debug|x86.ActiveCfg = Debug|Any CPU
		{A034C0CA-07B0-43E0-9D63-F8B3A25EC73A}.Debug|x86.Build.0 = Debug|Any CPU
		{A034C0CA-07B0-43E0-9D63-F8B3A25EC73A}.Release|Any CPU.ActiveCfg = Release|Any CPU
		{A034C0CA-07B0-43E0-9D63-F8B3A25EC73A}.Release|Any CPU.Build.0 = Release|Any CPU
		{A034C0CA-07B0-43E0-9D63-F8B3A25EC73A}.Release|x64.ActiveCfg = Release|Any CPU
		{A034C0CA-07B0-43E0-9D63-F8B3A25EC73A}.Release|x64.Build.0 = Release|Any CPU
		{A034C0CA-07B0-43E0-9D63-F8B3A25EC73A}.Release|x86.ActiveCfg = Release|Any CPU
		{A034C0CA-07B0-43E0-9D63-F8B3A25EC73A}.Release|x86.Build.0 = Release|Any CPU
		{6AB71B0E-2DCE-4C96-A0A5-FE1B7BE72717}.Debug|Any CPU.ActiveCfg = Debug|Any CPU
		{6AB71B0E-2DCE-4C96-A0A5-FE1B7BE72717}.Debug|Any CPU.Build.0 = Debug|Any CPU
		{6AB71B0E-2DCE-4C96-A0A5-FE1B7BE72717}.Debug|x64.ActiveCfg = Debug|Any CPU
		{6AB71B0E-2DCE-4C96-A0A5-FE1B7BE72717}.Debug|x64.Build.0 = Debug|Any CPU
		{6AB71B0E-2DCE-4C96-A0A5-FE1B7BE72717}.Debug|x86.ActiveCfg = Debug|Any CPU
		{6AB71B0E-2DCE-4C96-A0A5-FE1B7BE72717}.Debug|x86.Build.0 = Debug|Any CPU
		{6AB71B0E-2DCE-4C96-A0A5-FE1B7BE72717}.Release|Any CPU.ActiveCfg = Release|Any CPU
		{6AB71B0E-2DCE-4C96-A0A5-FE1B7BE72717}.Release|Any CPU.Build.0 = Release|Any CPU
		{6AB71B0E-2DCE-4C96-A0A5-FE1B7BE72717}.Release|x64.ActiveCfg = Release|Any CPU
		{6AB71B0E-2DCE-4C96-A0A5-FE1B7BE72717}.Release|x64.Build.0 = Release|Any CPU
		{6AB71B0E-2DCE-4C96-A0A5-FE1B7BE72717}.Release|x86.ActiveCfg = Release|Any CPU
		{6AB71B0E-2DCE-4C96-A0A5-FE1B7BE72717}.Release|x86.Build.0 = Release|Any CPU
		{363783F6-B512-4228-A413-F81027349471}.Debug|Any CPU.ActiveCfg = Debug|Any CPU
		{363783F6-B512-4228-A413-F81027349471}.Debug|Any CPU.Build.0 = Debug|Any CPU
		{363783F6-B512-4228-A413-F81027349471}.Debug|x64.ActiveCfg = Debug|Any CPU
		{363783F6-B512-4228-A413-F81027349471}.Debug|x64.Build.0 = Debug|Any CPU
		{363783F6-B512-4228-A413-F81027349471}.Debug|x86.ActiveCfg = Debug|Any CPU
		{363783F6-B512-4228-A413-F81027349471}.Debug|x86.Build.0 = Debug|Any CPU
		{363783F6-B512-4228-A413-F81027349471}.Release|Any CPU.ActiveCfg = Release|Any CPU
		{363783F6-B512-4228-A413-F81027349471}.Release|Any CPU.Build.0 = Release|Any CPU
		{363783F6-B512-4228-A413-F81027349471}.Release|x64.ActiveCfg = Release|Any CPU
		{363783F6-B512-4228-A413-F81027349471}.Release|x64.Build.0 = Release|Any CPU
		{363783F6-B512-4228-A413-F81027349471}.Release|x86.ActiveCfg = Release|Any CPU
		{363783F6-B512-4228-A413-F81027349471}.Release|x86.Build.0 = Release|Any CPU
		{CB23D773-B534-467C-9A71-983CD3759FB9}.Debug|Any CPU.ActiveCfg = Debug|Any CPU
		{CB23D773-B534-467C-9A71-983CD3759FB9}.Debug|Any CPU.Build.0 = Debug|Any CPU
		{CB23D773-B534-467C-9A71-983CD3759FB9}.Debug|x64.ActiveCfg = Debug|Any CPU
		{CB23D773-B534-467C-9A71-983CD3759FB9}.Debug|x64.Build.0 = Debug|Any CPU
		{CB23D773-B534-467C-9A71-983CD3759FB9}.Debug|x86.ActiveCfg = Debug|Any CPU
		{CB23D773-B534-467C-9A71-983CD3759FB9}.Debug|x86.Build.0 = Debug|Any CPU
		{CB23D773-B534-467C-9A71-983CD3759FB9}.Release|Any CPU.ActiveCfg = Release|Any CPU
		{CB23D773-B534-467C-9A71-983CD3759FB9}.Release|Any CPU.Build.0 = Release|Any CPU
		{CB23D773-B534-467C-9A71-983CD3759FB9}.Release|x64.ActiveCfg = Release|Any CPU
		{CB23D773-B534-467C-9A71-983CD3759FB9}.Release|x64.Build.0 = Release|Any CPU
		{CB23D773-B534-467C-9A71-983CD3759FB9}.Release|x86.ActiveCfg = Release|Any CPU
		{CB23D773-B534-467C-9A71-983CD3759FB9}.Release|x86.Build.0 = Release|Any CPU
		{C7F011B8-88FD-4933-9271-F5B52D591E27}.Debug|Any CPU.ActiveCfg = Debug|Any CPU
		{C7F011B8-88FD-4933-9271-F5B52D591E27}.Debug|Any CPU.Build.0 = Debug|Any CPU
		{C7F011B8-88FD-4933-9271-F5B52D591E27}.Debug|x64.ActiveCfg = Debug|Any CPU
		{C7F011B8-88FD-4933-9271-F5B52D591E27}.Debug|x64.Build.0 = Debug|Any CPU
		{C7F011B8-88FD-4933-9271-F5B52D591E27}.Debug|x86.ActiveCfg = Debug|Any CPU
		{C7F011B8-88FD-4933-9271-F5B52D591E27}.Debug|x86.Build.0 = Debug|Any CPU
		{C7F011B8-88FD-4933-9271-F5B52D591E27}.Release|Any CPU.ActiveCfg = Release|Any CPU
		{C7F011B8-88FD-4933-9271-F5B52D591E27}.Release|Any CPU.Build.0 = Release|Any CPU
		{C7F011B8-88FD-4933-9271-F5B52D591E27}.Release|x64.ActiveCfg = Release|Any CPU
		{C7F011B8-88FD-4933-9271-F5B52D591E27}.Release|x64.Build.0 = Release|Any CPU
		{C7F011B8-88FD-4933-9271-F5B52D591E27}.Release|x86.ActiveCfg = Release|Any CPU
		{C7F011B8-88FD-4933-9271-F5B52D591E27}.Release|x86.Build.0 = Release|Any CPU
		{7C5E63A2-5D80-4695-A5D6-984E03534F43}.Debug|Any CPU.ActiveCfg = Debug|Any CPU
		{7C5E63A2-5D80-4695-A5D6-984E03534F43}.Debug|Any CPU.Build.0 = Debug|Any CPU
		{7C5E63A2-5D80-4695-A5D6-984E03534F43}.Debug|x64.ActiveCfg = Debug|Any CPU
		{7C5E63A2-5D80-4695-A5D6-984E03534F43}.Debug|x64.Build.0 = Debug|Any CPU
		{7C5E63A2-5D80-4695-A5D6-984E03534F43}.Debug|x86.ActiveCfg = Debug|Any CPU
		{7C5E63A2-5D80-4695-A5D6-984E03534F43}.Debug|x86.Build.0 = Debug|Any CPU
		{7C5E63A2-5D80-4695-A5D6-984E03534F43}.Release|Any CPU.ActiveCfg = Release|Any CPU
		{7C5E63A2-5D80-4695-A5D6-984E03534F43}.Release|Any CPU.Build.0 = Release|Any CPU
		{7C5E63A2-5D80-4695-A5D6-984E03534F43}.Release|x64.ActiveCfg = Release|Any CPU
		{7C5E63A2-5D80-4695-A5D6-984E03534F43}.Release|x64.Build.0 = Release|Any CPU
		{7C5E63A2-5D80-4695-A5D6-984E03534F43}.Release|x86.ActiveCfg = Release|Any CPU
		{7C5E63A2-5D80-4695-A5D6-984E03534F43}.Release|x86.Build.0 = Release|Any CPU
		{6BF56AC9-40FB-47F6-8CB9-1895A0FFABFF}.Debug|Any CPU.ActiveCfg = Debug|Any CPU
		{6BF56AC9-40FB-47F6-8CB9-1895A0FFABFF}.Debug|Any CPU.Build.0 = Debug|Any CPU
		{6BF56AC9-40FB-47F6-8CB9-1895A0FFABFF}.Debug|x64.ActiveCfg = Debug|Any CPU
		{6BF56AC9-40FB-47F6-8CB9-1895A0FFABFF}.Debug|x64.Build.0 = Debug|Any CPU
		{6BF56AC9-40FB-47F6-8CB9-1895A0FFABFF}.Debug|x86.ActiveCfg = Debug|Any CPU
		{6BF56AC9-40FB-47F6-8CB9-1895A0FFABFF}.Debug|x86.Build.0 = Debug|Any CPU
		{6BF56AC9-40FB-47F6-8CB9-1895A0FFABFF}.Release|Any CPU.ActiveCfg = Release|Any CPU
		{6BF56AC9-40FB-47F6-8CB9-1895A0FFABFF}.Release|Any CPU.Build.0 = Release|Any CPU
		{6BF56AC9-40FB-47F6-8CB9-1895A0FFABFF}.Release|x64.ActiveCfg = Release|Any CPU
		{6BF56AC9-40FB-47F6-8CB9-1895A0FFABFF}.Release|x64.Build.0 = Release|Any CPU
		{6BF56AC9-40FB-47F6-8CB9-1895A0FFABFF}.Release|x86.ActiveCfg = Release|Any CPU
		{6BF56AC9-40FB-47F6-8CB9-1895A0FFABFF}.Release|x86.Build.0 = Release|Any CPU
		{C71A3126-74DD-4205-9D97-60B455F9F395}.Debug|Any CPU.ActiveCfg = Debug|Any CPU
		{C71A3126-74DD-4205-9D97-60B455F9F395}.Debug|Any CPU.Build.0 = Debug|Any CPU
		{C71A3126-74DD-4205-9D97-60B455F9F395}.Debug|x64.ActiveCfg = Debug|Any CPU
		{C71A3126-74DD-4205-9D97-60B455F9F395}.Debug|x64.Build.0 = Debug|Any CPU
		{C71A3126-74DD-4205-9D97-60B455F9F395}.Debug|x86.ActiveCfg = Debug|Any CPU
		{C71A3126-74DD-4205-9D97-60B455F9F395}.Debug|x86.Build.0 = Debug|Any CPU
		{C71A3126-74DD-4205-9D97-60B455F9F395}.Release|Any CPU.ActiveCfg = Release|Any CPU
		{C71A3126-74DD-4205-9D97-60B455F9F395}.Release|Any CPU.Build.0 = Release|Any CPU
		{C71A3126-74DD-4205-9D97-60B455F9F395}.Release|x64.ActiveCfg = Release|Any CPU
		{C71A3126-74DD-4205-9D97-60B455F9F395}.Release|x64.Build.0 = Release|Any CPU
		{C71A3126-74DD-4205-9D97-60B455F9F395}.Release|x86.ActiveCfg = Release|Any CPU
		{C71A3126-74DD-4205-9D97-60B455F9F395}.Release|x86.Build.0 = Release|Any CPU
		{0CC9E2A2-EAC9-4D22-BB38-B392E4A6F80F}.Debug|Any CPU.ActiveCfg = Debug|Any CPU
		{0CC9E2A2-EAC9-4D22-BB38-B392E4A6F80F}.Debug|Any CPU.Build.0 = Debug|Any CPU
		{0CC9E2A2-EAC9-4D22-BB38-B392E4A6F80F}.Debug|x64.ActiveCfg = Debug|Any CPU
		{0CC9E2A2-EAC9-4D22-BB38-B392E4A6F80F}.Debug|x64.Build.0 = Debug|Any CPU
		{0CC9E2A2-EAC9-4D22-BB38-B392E4A6F80F}.Debug|x86.ActiveCfg = Debug|Any CPU
		{0CC9E2A2-EAC9-4D22-BB38-B392E4A6F80F}.Debug|x86.Build.0 = Debug|Any CPU
		{0CC9E2A2-EAC9-4D22-BB38-B392E4A6F80F}.Release|Any CPU.ActiveCfg = Release|Any CPU
		{0CC9E2A2-EAC9-4D22-BB38-B392E4A6F80F}.Release|Any CPU.Build.0 = Release|Any CPU
		{0CC9E2A2-EAC9-4D22-BB38-B392E4A6F80F}.Release|x64.ActiveCfg = Release|Any CPU
		{0CC9E2A2-EAC9-4D22-BB38-B392E4A6F80F}.Release|x64.Build.0 = Release|Any CPU
		{0CC9E2A2-EAC9-4D22-BB38-B392E4A6F80F}.Release|x86.ActiveCfg = Release|Any CPU
		{0CC9E2A2-EAC9-4D22-BB38-B392E4A6F80F}.Release|x86.Build.0 = Release|Any CPU
		{42646331-20E6-4605-A066-E709628BF90E}.Debug|Any CPU.ActiveCfg = Debug|Any CPU
		{42646331-20E6-4605-A066-E709628BF90E}.Debug|Any CPU.Build.0 = Debug|Any CPU
		{42646331-20E6-4605-A066-E709628BF90E}.Debug|x64.ActiveCfg = Debug|Any CPU
		{42646331-20E6-4605-A066-E709628BF90E}.Debug|x64.Build.0 = Debug|Any CPU
		{42646331-20E6-4605-A066-E709628BF90E}.Debug|x86.ActiveCfg = Debug|Any CPU
		{42646331-20E6-4605-A066-E709628BF90E}.Debug|x86.Build.0 = Debug|Any CPU
		{42646331-20E6-4605-A066-E709628BF90E}.Release|Any CPU.ActiveCfg = Release|Any CPU
		{42646331-20E6-4605-A066-E709628BF90E}.Release|Any CPU.Build.0 = Release|Any CPU
		{42646331-20E6-4605-A066-E709628BF90E}.Release|x64.ActiveCfg = Release|Any CPU
		{42646331-20E6-4605-A066-E709628BF90E}.Release|x64.Build.0 = Release|Any CPU
		{42646331-20E6-4605-A066-E709628BF90E}.Release|x86.ActiveCfg = Release|Any CPU
		{42646331-20E6-4605-A066-E709628BF90E}.Release|x86.Build.0 = Release|Any CPU
		{08F630B3-65D3-4B92-8A2C-5E13E0134B12}.Debug|Any CPU.ActiveCfg = Debug|Any CPU
		{08F630B3-65D3-4B92-8A2C-5E13E0134B12}.Debug|Any CPU.Build.0 = Debug|Any CPU
		{08F630B3-65D3-4B92-8A2C-5E13E0134B12}.Debug|x64.ActiveCfg = Debug|Any CPU
		{08F630B3-65D3-4B92-8A2C-5E13E0134B12}.Debug|x64.Build.0 = Debug|Any CPU
		{08F630B3-65D3-4B92-8A2C-5E13E0134B12}.Debug|x86.ActiveCfg = Debug|Any CPU
		{08F630B3-65D3-4B92-8A2C-5E13E0134B12}.Debug|x86.Build.0 = Debug|Any CPU
		{08F630B3-65D3-4B92-8A2C-5E13E0134B12}.Release|Any CPU.ActiveCfg = Release|Any CPU
		{08F630B3-65D3-4B92-8A2C-5E13E0134B12}.Release|Any CPU.Build.0 = Release|Any CPU
		{08F630B3-65D3-4B92-8A2C-5E13E0134B12}.Release|x64.ActiveCfg = Release|Any CPU
		{08F630B3-65D3-4B92-8A2C-5E13E0134B12}.Release|x64.Build.0 = Release|Any CPU
		{08F630B3-65D3-4B92-8A2C-5E13E0134B12}.Release|x86.ActiveCfg = Release|Any CPU
		{08F630B3-65D3-4B92-8A2C-5E13E0134B12}.Release|x86.Build.0 = Release|Any CPU
		{4171A7DF-6351-4A09-9287-4912BDAA0967}.Debug|Any CPU.ActiveCfg = Debug|Any CPU
		{4171A7DF-6351-4A09-9287-4912BDAA0967}.Debug|Any CPU.Build.0 = Debug|Any CPU
		{4171A7DF-6351-4A09-9287-4912BDAA0967}.Debug|x64.ActiveCfg = Debug|Any CPU
		{4171A7DF-6351-4A09-9287-4912BDAA0967}.Debug|x64.Build.0 = Debug|Any CPU
		{4171A7DF-6351-4A09-9287-4912BDAA0967}.Debug|x86.ActiveCfg = Debug|Any CPU
		{4171A7DF-6351-4A09-9287-4912BDAA0967}.Debug|x86.Build.0 = Debug|Any CPU
		{4171A7DF-6351-4A09-9287-4912BDAA0967}.Release|Any CPU.ActiveCfg = Release|Any CPU
		{4171A7DF-6351-4A09-9287-4912BDAA0967}.Release|Any CPU.Build.0 = Release|Any CPU
		{4171A7DF-6351-4A09-9287-4912BDAA0967}.Release|x64.ActiveCfg = Release|Any CPU
		{4171A7DF-6351-4A09-9287-4912BDAA0967}.Release|x64.Build.0 = Release|Any CPU
		{4171A7DF-6351-4A09-9287-4912BDAA0967}.Release|x86.ActiveCfg = Release|Any CPU
		{4171A7DF-6351-4A09-9287-4912BDAA0967}.Release|x86.Build.0 = Release|Any CPU
		{A93C6F60-C33B-461F-812E-0FE089F7C64A}.Debug|Any CPU.ActiveCfg = Debug|Any CPU
		{A93C6F60-C33B-461F-812E-0FE089F7C64A}.Debug|Any CPU.Build.0 = Debug|Any CPU
		{A93C6F60-C33B-461F-812E-0FE089F7C64A}.Debug|x64.ActiveCfg = Debug|Any CPU
		{A93C6F60-C33B-461F-812E-0FE089F7C64A}.Debug|x64.Build.0 = Debug|Any CPU
		{A93C6F60-C33B-461F-812E-0FE089F7C64A}.Debug|x86.ActiveCfg = Debug|Any CPU
		{A93C6F60-C33B-461F-812E-0FE089F7C64A}.Debug|x86.Build.0 = Debug|Any CPU
		{A93C6F60-C33B-461F-812E-0FE089F7C64A}.Release|Any CPU.ActiveCfg = Release|Any CPU
		{A93C6F60-C33B-461F-812E-0FE089F7C64A}.Release|Any CPU.Build.0 = Release|Any CPU
		{A93C6F60-C33B-461F-812E-0FE089F7C64A}.Release|x64.ActiveCfg = Release|Any CPU
		{A93C6F60-C33B-461F-812E-0FE089F7C64A}.Release|x64.Build.0 = Release|Any CPU
		{A93C6F60-C33B-461F-812E-0FE089F7C64A}.Release|x86.ActiveCfg = Release|Any CPU
		{A93C6F60-C33B-461F-812E-0FE089F7C64A}.Release|x86.Build.0 = Release|Any CPU
		{C93931D0-A90F-4745-9E2F-283414A42DE7}.Debug|Any CPU.ActiveCfg = Debug|Any CPU
		{C93931D0-A90F-4745-9E2F-283414A42DE7}.Debug|Any CPU.Build.0 = Debug|Any CPU
		{C93931D0-A90F-4745-9E2F-283414A42DE7}.Debug|x64.ActiveCfg = Debug|Any CPU
		{C93931D0-A90F-4745-9E2F-283414A42DE7}.Debug|x64.Build.0 = Debug|Any CPU
		{C93931D0-A90F-4745-9E2F-283414A42DE7}.Debug|x86.ActiveCfg = Debug|Any CPU
		{C93931D0-A90F-4745-9E2F-283414A42DE7}.Debug|x86.Build.0 = Debug|Any CPU
		{C93931D0-A90F-4745-9E2F-283414A42DE7}.Release|Any CPU.ActiveCfg = Release|Any CPU
		{C93931D0-A90F-4745-9E2F-283414A42DE7}.Release|Any CPU.Build.0 = Release|Any CPU
		{C93931D0-A90F-4745-9E2F-283414A42DE7}.Release|x64.ActiveCfg = Release|Any CPU
		{C93931D0-A90F-4745-9E2F-283414A42DE7}.Release|x64.Build.0 = Release|Any CPU
		{C93931D0-A90F-4745-9E2F-283414A42DE7}.Release|x86.ActiveCfg = Release|Any CPU
		{C93931D0-A90F-4745-9E2F-283414A42DE7}.Release|x86.Build.0 = Release|Any CPU
		{5943A277-4DF4-4F65-9B1A-6D82A08BC48D}.Debug|Any CPU.ActiveCfg = Debug|Any CPU
		{5943A277-4DF4-4F65-9B1A-6D82A08BC48D}.Debug|Any CPU.Build.0 = Debug|Any CPU
		{5943A277-4DF4-4F65-9B1A-6D82A08BC48D}.Debug|x64.ActiveCfg = Debug|Any CPU
		{5943A277-4DF4-4F65-9B1A-6D82A08BC48D}.Debug|x64.Build.0 = Debug|Any CPU
		{5943A277-4DF4-4F65-9B1A-6D82A08BC48D}.Debug|x86.ActiveCfg = Debug|Any CPU
		{5943A277-4DF4-4F65-9B1A-6D82A08BC48D}.Debug|x86.Build.0 = Debug|Any CPU
		{5943A277-4DF4-4F65-9B1A-6D82A08BC48D}.Release|Any CPU.ActiveCfg = Release|Any CPU
		{5943A277-4DF4-4F65-9B1A-6D82A08BC48D}.Release|Any CPU.Build.0 = Release|Any CPU
		{5943A277-4DF4-4F65-9B1A-6D82A08BC48D}.Release|x64.ActiveCfg = Release|Any CPU
		{5943A277-4DF4-4F65-9B1A-6D82A08BC48D}.Release|x64.Build.0 = Release|Any CPU
		{5943A277-4DF4-4F65-9B1A-6D82A08BC48D}.Release|x86.ActiveCfg = Release|Any CPU
		{5943A277-4DF4-4F65-9B1A-6D82A08BC48D}.Release|x86.Build.0 = Release|Any CPU
		{0EBEBE74-5FCD-4110-91E6-6B3DA0C96C42}.Debug|Any CPU.ActiveCfg = Debug|Any CPU
		{0EBEBE74-5FCD-4110-91E6-6B3DA0C96C42}.Debug|Any CPU.Build.0 = Debug|Any CPU
		{0EBEBE74-5FCD-4110-91E6-6B3DA0C96C42}.Debug|x64.ActiveCfg = Debug|Any CPU
		{0EBEBE74-5FCD-4110-91E6-6B3DA0C96C42}.Debug|x64.Build.0 = Debug|Any CPU
		{0EBEBE74-5FCD-4110-91E6-6B3DA0C96C42}.Debug|x86.ActiveCfg = Debug|Any CPU
		{0EBEBE74-5FCD-4110-91E6-6B3DA0C96C42}.Debug|x86.Build.0 = Debug|Any CPU
		{0EBEBE74-5FCD-4110-91E6-6B3DA0C96C42}.Release|Any CPU.ActiveCfg = Release|Any CPU
		{0EBEBE74-5FCD-4110-91E6-6B3DA0C96C42}.Release|Any CPU.Build.0 = Release|Any CPU
		{0EBEBE74-5FCD-4110-91E6-6B3DA0C96C42}.Release|x64.ActiveCfg = Release|Any CPU
		{0EBEBE74-5FCD-4110-91E6-6B3DA0C96C42}.Release|x64.Build.0 = Release|Any CPU
		{0EBEBE74-5FCD-4110-91E6-6B3DA0C96C42}.Release|x86.ActiveCfg = Release|Any CPU
		{0EBEBE74-5FCD-4110-91E6-6B3DA0C96C42}.Release|x86.Build.0 = Release|Any CPU
		{1295EBC5-DAD4-42E5-878B-4C93D8660832}.Debug|Any CPU.ActiveCfg = Debug|Any CPU
		{1295EBC5-DAD4-42E5-878B-4C93D8660832}.Debug|Any CPU.Build.0 = Debug|Any CPU
		{1295EBC5-DAD4-42E5-878B-4C93D8660832}.Debug|x64.ActiveCfg = Debug|Any CPU
		{1295EBC5-DAD4-42E5-878B-4C93D8660832}.Debug|x64.Build.0 = Debug|Any CPU
		{1295EBC5-DAD4-42E5-878B-4C93D8660832}.Debug|x86.ActiveCfg = Debug|Any CPU
		{1295EBC5-DAD4-42E5-878B-4C93D8660832}.Debug|x86.Build.0 = Debug|Any CPU
		{1295EBC5-DAD4-42E5-878B-4C93D8660832}.Release|Any CPU.ActiveCfg = Release|Any CPU
		{1295EBC5-DAD4-42E5-878B-4C93D8660832}.Release|Any CPU.Build.0 = Release|Any CPU
		{1295EBC5-DAD4-42E5-878B-4C93D8660832}.Release|x64.ActiveCfg = Release|Any CPU
		{1295EBC5-DAD4-42E5-878B-4C93D8660832}.Release|x64.Build.0 = Release|Any CPU
		{1295EBC5-DAD4-42E5-878B-4C93D8660832}.Release|x86.ActiveCfg = Release|Any CPU
		{1295EBC5-DAD4-42E5-878B-4C93D8660832}.Release|x86.Build.0 = Release|Any CPU
		{D3313E5C-714B-4B66-98BA-EABDDA6395AD}.Debug|Any CPU.ActiveCfg = Debug|Any CPU
		{D3313E5C-714B-4B66-98BA-EABDDA6395AD}.Debug|Any CPU.Build.0 = Debug|Any CPU
		{D3313E5C-714B-4B66-98BA-EABDDA6395AD}.Debug|x64.ActiveCfg = Debug|Any CPU
		{D3313E5C-714B-4B66-98BA-EABDDA6395AD}.Debug|x64.Build.0 = Debug|Any CPU
		{D3313E5C-714B-4B66-98BA-EABDDA6395AD}.Debug|x86.ActiveCfg = Debug|Any CPU
		{D3313E5C-714B-4B66-98BA-EABDDA6395AD}.Debug|x86.Build.0 = Debug|Any CPU
		{D3313E5C-714B-4B66-98BA-EABDDA6395AD}.Release|Any CPU.ActiveCfg = Release|Any CPU
		{D3313E5C-714B-4B66-98BA-EABDDA6395AD}.Release|Any CPU.Build.0 = Release|Any CPU
		{D3313E5C-714B-4B66-98BA-EABDDA6395AD}.Release|x64.ActiveCfg = Release|Any CPU
		{D3313E5C-714B-4B66-98BA-EABDDA6395AD}.Release|x64.Build.0 = Release|Any CPU
		{D3313E5C-714B-4B66-98BA-EABDDA6395AD}.Release|x86.ActiveCfg = Release|Any CPU
		{D3313E5C-714B-4B66-98BA-EABDDA6395AD}.Release|x86.Build.0 = Release|Any CPU
		{E391BE0C-5798-4E11-9718-D39F7F2C5339}.Debug|Any CPU.ActiveCfg = Debug|Any CPU
		{E391BE0C-5798-4E11-9718-D39F7F2C5339}.Debug|Any CPU.Build.0 = Debug|Any CPU
		{E391BE0C-5798-4E11-9718-D39F7F2C5339}.Debug|x64.ActiveCfg = Debug|Any CPU
		{E391BE0C-5798-4E11-9718-D39F7F2C5339}.Debug|x64.Build.0 = Debug|Any CPU
		{E391BE0C-5798-4E11-9718-D39F7F2C5339}.Debug|x86.ActiveCfg = Debug|Any CPU
		{E391BE0C-5798-4E11-9718-D39F7F2C5339}.Debug|x86.Build.0 = Debug|Any CPU
		{E391BE0C-5798-4E11-9718-D39F7F2C5339}.Release|Any CPU.ActiveCfg = Release|Any CPU
		{E391BE0C-5798-4E11-9718-D39F7F2C5339}.Release|Any CPU.Build.0 = Release|Any CPU
		{E391BE0C-5798-4E11-9718-D39F7F2C5339}.Release|x64.ActiveCfg = Release|Any CPU
		{E391BE0C-5798-4E11-9718-D39F7F2C5339}.Release|x64.Build.0 = Release|Any CPU
		{E391BE0C-5798-4E11-9718-D39F7F2C5339}.Release|x86.ActiveCfg = Release|Any CPU
		{E391BE0C-5798-4E11-9718-D39F7F2C5339}.Release|x86.Build.0 = Release|Any CPU
		{691A0EF4-E821-4B92-8DBB-E02CB60073C3}.Debug|Any CPU.ActiveCfg = Debug|Any CPU
		{691A0EF4-E821-4B92-8DBB-E02CB60073C3}.Debug|Any CPU.Build.0 = Debug|Any CPU
		{691A0EF4-E821-4B92-8DBB-E02CB60073C3}.Debug|x64.ActiveCfg = Debug|Any CPU
		{691A0EF4-E821-4B92-8DBB-E02CB60073C3}.Debug|x64.Build.0 = Debug|Any CPU
		{691A0EF4-E821-4B92-8DBB-E02CB60073C3}.Debug|x86.ActiveCfg = Debug|Any CPU
		{691A0EF4-E821-4B92-8DBB-E02CB60073C3}.Debug|x86.Build.0 = Debug|Any CPU
		{691A0EF4-E821-4B92-8DBB-E02CB60073C3}.Release|Any CPU.ActiveCfg = Release|Any CPU
		{691A0EF4-E821-4B92-8DBB-E02CB60073C3}.Release|Any CPU.Build.0 = Release|Any CPU
		{691A0EF4-E821-4B92-8DBB-E02CB60073C3}.Release|x64.ActiveCfg = Release|Any CPU
		{691A0EF4-E821-4B92-8DBB-E02CB60073C3}.Release|x64.Build.0 = Release|Any CPU
		{691A0EF4-E821-4B92-8DBB-E02CB60073C3}.Release|x86.ActiveCfg = Release|Any CPU
		{691A0EF4-E821-4B92-8DBB-E02CB60073C3}.Release|x86.Build.0 = Release|Any CPU
		{D0856494-E3CD-45B9-9C9C-44583F913475}.Debug|Any CPU.ActiveCfg = Debug|Any CPU
		{D0856494-E3CD-45B9-9C9C-44583F913475}.Debug|Any CPU.Build.0 = Debug|Any CPU
		{D0856494-E3CD-45B9-9C9C-44583F913475}.Debug|x64.ActiveCfg = Debug|Any CPU
		{D0856494-E3CD-45B9-9C9C-44583F913475}.Debug|x64.Build.0 = Debug|Any CPU
		{D0856494-E3CD-45B9-9C9C-44583F913475}.Debug|x86.ActiveCfg = Debug|Any CPU
		{D0856494-E3CD-45B9-9C9C-44583F913475}.Debug|x86.Build.0 = Debug|Any CPU
		{D0856494-E3CD-45B9-9C9C-44583F913475}.Release|Any CPU.ActiveCfg = Release|Any CPU
		{D0856494-E3CD-45B9-9C9C-44583F913475}.Release|Any CPU.Build.0 = Release|Any CPU
		{D0856494-E3CD-45B9-9C9C-44583F913475}.Release|x64.ActiveCfg = Release|Any CPU
		{D0856494-E3CD-45B9-9C9C-44583F913475}.Release|x64.Build.0 = Release|Any CPU
		{D0856494-E3CD-45B9-9C9C-44583F913475}.Release|x86.ActiveCfg = Release|Any CPU
		{D0856494-E3CD-45B9-9C9C-44583F913475}.Release|x86.Build.0 = Release|Any CPU
		{46F3665D-1863-45DE-8783-C852D7EE5A4B}.Debug|Any CPU.ActiveCfg = Debug|Any CPU
		{46F3665D-1863-45DE-8783-C852D7EE5A4B}.Debug|Any CPU.Build.0 = Debug|Any CPU
		{46F3665D-1863-45DE-8783-C852D7EE5A4B}.Debug|x64.ActiveCfg = Debug|Any CPU
		{46F3665D-1863-45DE-8783-C852D7EE5A4B}.Debug|x64.Build.0 = Debug|Any CPU
		{46F3665D-1863-45DE-8783-C852D7EE5A4B}.Debug|x86.ActiveCfg = Debug|Any CPU
		{46F3665D-1863-45DE-8783-C852D7EE5A4B}.Debug|x86.Build.0 = Debug|Any CPU
		{46F3665D-1863-45DE-8783-C852D7EE5A4B}.Release|Any CPU.ActiveCfg = Release|Any CPU
		{46F3665D-1863-45DE-8783-C852D7EE5A4B}.Release|Any CPU.Build.0 = Release|Any CPU
		{46F3665D-1863-45DE-8783-C852D7EE5A4B}.Release|x64.ActiveCfg = Release|Any CPU
		{46F3665D-1863-45DE-8783-C852D7EE5A4B}.Release|x64.Build.0 = Release|Any CPU
		{46F3665D-1863-45DE-8783-C852D7EE5A4B}.Release|x86.ActiveCfg = Release|Any CPU
		{46F3665D-1863-45DE-8783-C852D7EE5A4B}.Release|x86.Build.0 = Release|Any CPU
		{CCB91316-FDFC-4C5D-A428-6CB50D575385}.Debug|Any CPU.ActiveCfg = Debug|Any CPU
		{CCB91316-FDFC-4C5D-A428-6CB50D575385}.Debug|Any CPU.Build.0 = Debug|Any CPU
		{CCB91316-FDFC-4C5D-A428-6CB50D575385}.Debug|x64.ActiveCfg = Debug|Any CPU
		{CCB91316-FDFC-4C5D-A428-6CB50D575385}.Debug|x64.Build.0 = Debug|Any CPU
		{CCB91316-FDFC-4C5D-A428-6CB50D575385}.Debug|x86.ActiveCfg = Debug|Any CPU
		{CCB91316-FDFC-4C5D-A428-6CB50D575385}.Debug|x86.Build.0 = Debug|Any CPU
		{CCB91316-FDFC-4C5D-A428-6CB50D575385}.Release|Any CPU.ActiveCfg = Release|Any CPU
		{CCB91316-FDFC-4C5D-A428-6CB50D575385}.Release|Any CPU.Build.0 = Release|Any CPU
		{CCB91316-FDFC-4C5D-A428-6CB50D575385}.Release|x64.ActiveCfg = Release|Any CPU
		{CCB91316-FDFC-4C5D-A428-6CB50D575385}.Release|x64.Build.0 = Release|Any CPU
		{CCB91316-FDFC-4C5D-A428-6CB50D575385}.Release|x86.ActiveCfg = Release|Any CPU
		{CCB91316-FDFC-4C5D-A428-6CB50D575385}.Release|x86.Build.0 = Release|Any CPU
		{180E77D5-9133-47E4-812A-6F7108994C48}.Debug|Any CPU.ActiveCfg = Debug|Any CPU
		{180E77D5-9133-47E4-812A-6F7108994C48}.Debug|Any CPU.Build.0 = Debug|Any CPU
		{180E77D5-9133-47E4-812A-6F7108994C48}.Debug|x64.ActiveCfg = Debug|Any CPU
		{180E77D5-9133-47E4-812A-6F7108994C48}.Debug|x64.Build.0 = Debug|Any CPU
		{180E77D5-9133-47E4-812A-6F7108994C48}.Debug|x86.ActiveCfg = Debug|Any CPU
		{180E77D5-9133-47E4-812A-6F7108994C48}.Debug|x86.Build.0 = Debug|Any CPU
		{180E77D5-9133-47E4-812A-6F7108994C48}.Release|Any CPU.ActiveCfg = Release|Any CPU
		{180E77D5-9133-47E4-812A-6F7108994C48}.Release|Any CPU.Build.0 = Release|Any CPU
		{180E77D5-9133-47E4-812A-6F7108994C48}.Release|x64.ActiveCfg = Release|Any CPU
		{180E77D5-9133-47E4-812A-6F7108994C48}.Release|x64.Build.0 = Release|Any CPU
		{180E77D5-9133-47E4-812A-6F7108994C48}.Release|x86.ActiveCfg = Release|Any CPU
		{180E77D5-9133-47E4-812A-6F7108994C48}.Release|x86.Build.0 = Release|Any CPU
		{4D7D304B-D522-463A-ADF0-67970F6AE7EC}.Debug|Any CPU.ActiveCfg = Debug|Any CPU
		{4D7D304B-D522-463A-ADF0-67970F6AE7EC}.Debug|Any CPU.Build.0 = Debug|Any CPU
		{4D7D304B-D522-463A-ADF0-67970F6AE7EC}.Debug|x64.ActiveCfg = Debug|Any CPU
		{4D7D304B-D522-463A-ADF0-67970F6AE7EC}.Debug|x64.Build.0 = Debug|Any CPU
		{4D7D304B-D522-463A-ADF0-67970F6AE7EC}.Debug|x86.ActiveCfg = Debug|Any CPU
		{4D7D304B-D522-463A-ADF0-67970F6AE7EC}.Debug|x86.Build.0 = Debug|Any CPU
		{4D7D304B-D522-463A-ADF0-67970F6AE7EC}.Release|Any CPU.ActiveCfg = Release|Any CPU
		{4D7D304B-D522-463A-ADF0-67970F6AE7EC}.Release|Any CPU.Build.0 = Release|Any CPU
		{4D7D304B-D522-463A-ADF0-67970F6AE7EC}.Release|x64.ActiveCfg = Release|Any CPU
		{4D7D304B-D522-463A-ADF0-67970F6AE7EC}.Release|x64.Build.0 = Release|Any CPU
		{4D7D304B-D522-463A-ADF0-67970F6AE7EC}.Release|x86.ActiveCfg = Release|Any CPU
		{4D7D304B-D522-463A-ADF0-67970F6AE7EC}.Release|x86.Build.0 = Release|Any CPU
		{FB57F68E-FCB7-4A4F-9CDA-249334DEA331}.Debug|Any CPU.ActiveCfg = Debug|Any CPU
		{FB57F68E-FCB7-4A4F-9CDA-249334DEA331}.Debug|Any CPU.Build.0 = Debug|Any CPU
		{FB57F68E-FCB7-4A4F-9CDA-249334DEA331}.Debug|x64.ActiveCfg = Debug|Any CPU
		{FB57F68E-FCB7-4A4F-9CDA-249334DEA331}.Debug|x64.Build.0 = Debug|Any CPU
		{FB57F68E-FCB7-4A4F-9CDA-249334DEA331}.Debug|x86.ActiveCfg = Debug|Any CPU
		{FB57F68E-FCB7-4A4F-9CDA-249334DEA331}.Debug|x86.Build.0 = Debug|Any CPU
		{FB57F68E-FCB7-4A4F-9CDA-249334DEA331}.Release|Any CPU.ActiveCfg = Release|Any CPU
		{FB57F68E-FCB7-4A4F-9CDA-249334DEA331}.Release|Any CPU.Build.0 = Release|Any CPU
		{FB57F68E-FCB7-4A4F-9CDA-249334DEA331}.Release|x64.ActiveCfg = Release|Any CPU
		{FB57F68E-FCB7-4A4F-9CDA-249334DEA331}.Release|x64.Build.0 = Release|Any CPU
		{FB57F68E-FCB7-4A4F-9CDA-249334DEA331}.Release|x86.ActiveCfg = Release|Any CPU
		{FB57F68E-FCB7-4A4F-9CDA-249334DEA331}.Release|x86.Build.0 = Release|Any CPU
		{680D5D63-65D9-4AE0-90A6-73ECA1132B0B}.Debug|Any CPU.ActiveCfg = Debug|Any CPU
		{680D5D63-65D9-4AE0-90A6-73ECA1132B0B}.Debug|Any CPU.Build.0 = Debug|Any CPU
		{680D5D63-65D9-4AE0-90A6-73ECA1132B0B}.Debug|x64.ActiveCfg = Debug|Any CPU
		{680D5D63-65D9-4AE0-90A6-73ECA1132B0B}.Debug|x64.Build.0 = Debug|Any CPU
		{680D5D63-65D9-4AE0-90A6-73ECA1132B0B}.Debug|x86.ActiveCfg = Debug|Any CPU
		{680D5D63-65D9-4AE0-90A6-73ECA1132B0B}.Debug|x86.Build.0 = Debug|Any CPU
		{680D5D63-65D9-4AE0-90A6-73ECA1132B0B}.Release|Any CPU.ActiveCfg = Release|Any CPU
		{680D5D63-65D9-4AE0-90A6-73ECA1132B0B}.Release|Any CPU.Build.0 = Release|Any CPU
		{680D5D63-65D9-4AE0-90A6-73ECA1132B0B}.Release|x64.ActiveCfg = Release|Any CPU
		{680D5D63-65D9-4AE0-90A6-73ECA1132B0B}.Release|x64.Build.0 = Release|Any CPU
		{680D5D63-65D9-4AE0-90A6-73ECA1132B0B}.Release|x86.ActiveCfg = Release|Any CPU
		{680D5D63-65D9-4AE0-90A6-73ECA1132B0B}.Release|x86.Build.0 = Release|Any CPU
		{01A2F9D1-0AA5-4B94-A8EE-A39BDB597446}.Debug|Any CPU.ActiveCfg = Debug|Any CPU
		{01A2F9D1-0AA5-4B94-A8EE-A39BDB597446}.Debug|Any CPU.Build.0 = Debug|Any CPU
		{01A2F9D1-0AA5-4B94-A8EE-A39BDB597446}.Debug|x64.ActiveCfg = Debug|Any CPU
		{01A2F9D1-0AA5-4B94-A8EE-A39BDB597446}.Debug|x64.Build.0 = Debug|Any CPU
		{01A2F9D1-0AA5-4B94-A8EE-A39BDB597446}.Debug|x86.ActiveCfg = Debug|Any CPU
		{01A2F9D1-0AA5-4B94-A8EE-A39BDB597446}.Debug|x86.Build.0 = Debug|Any CPU
		{01A2F9D1-0AA5-4B94-A8EE-A39BDB597446}.Release|Any CPU.ActiveCfg = Release|Any CPU
		{01A2F9D1-0AA5-4B94-A8EE-A39BDB597446}.Release|Any CPU.Build.0 = Release|Any CPU
		{01A2F9D1-0AA5-4B94-A8EE-A39BDB597446}.Release|x64.ActiveCfg = Release|Any CPU
		{01A2F9D1-0AA5-4B94-A8EE-A39BDB597446}.Release|x64.Build.0 = Release|Any CPU
		{01A2F9D1-0AA5-4B94-A8EE-A39BDB597446}.Release|x86.ActiveCfg = Release|Any CPU
		{01A2F9D1-0AA5-4B94-A8EE-A39BDB597446}.Release|x86.Build.0 = Release|Any CPU
	EndGlobalSection
	GlobalSection(SolutionProperties) = preSolution
		HideSolutionNode = FALSE
	EndGlobalSection
	GlobalSection(NestedProjects) = preSolution
		{1078F14A-F886-4BF7-8BEC-9E13668A1CED} = {AFCBAC44-B083-49E5-B940-6C04E3DB6522}
		{19105B9C-A8B9-46B5-9656-780CA98C9A3F} = {E888E2D4-A105-4B19-8A53-86DFDA724740}
		{684A1052-CC2A-4023-9EB9-D7B801045CDA} = {5D20AA90-6969-D8BD-9DCD-8634F4692FDA}
		{C3A9A6FF-AD83-4AD6-9A49-2860D3F7C988} = {5D20AA90-6969-D8BD-9DCD-8634F4692FDA}
		{DCAFB1F9-A40A-428E-BEB5-2FB396B5295E} = {AFCBAC44-B083-49E5-B940-6C04E3DB6522}
		{BE124EE0-16CA-4790-B652-DC1E7E9D2512} = {AFCBAC44-B083-49E5-B940-6C04E3DB6522}
		{A034C0CA-07B0-43E0-9D63-F8B3A25EC73A} = {AFCBAC44-B083-49E5-B940-6C04E3DB6522}
		{6AB71B0E-2DCE-4C96-A0A5-FE1B7BE72717} = {AFCBAC44-B083-49E5-B940-6C04E3DB6522}
		{363783F6-B512-4228-A413-F81027349471} = {AFCBAC44-B083-49E5-B940-6C04E3DB6522}
		{CB23D773-B534-467C-9A71-983CD3759FB9} = {5D20AA90-6969-D8BD-9DCD-8634F4692FDA}
		{C7F011B8-88FD-4933-9271-F5B52D591E27} = {78A858F9-427E-427A-8B34-D82BB95A07D8}
		{7C5E63A2-5D80-4695-A5D6-984E03534F43} = {78A858F9-427E-427A-8B34-D82BB95A07D8}
		{6BF56AC9-40FB-47F6-8CB9-1895A0FFABFF} = {78A858F9-427E-427A-8B34-D82BB95A07D8}
		{C71A3126-74DD-4205-9D97-60B455F9F395} = {78A858F9-427E-427A-8B34-D82BB95A07D8}
		{0CC9E2A2-EAC9-4D22-BB38-B392E4A6F80F} = {78A858F9-427E-427A-8B34-D82BB95A07D8}
		{42646331-20E6-4605-A066-E709628BF90E} = {78A858F9-427E-427A-8B34-D82BB95A07D8}
		{08F630B3-65D3-4B92-8A2C-5E13E0134B12} = {78A858F9-427E-427A-8B34-D82BB95A07D8}
		{4171A7DF-6351-4A09-9287-4912BDAA0967} = {78A858F9-427E-427A-8B34-D82BB95A07D8}
		{A93C6F60-C33B-461F-812E-0FE089F7C64A} = {78A858F9-427E-427A-8B34-D82BB95A07D8}
		{C93931D0-A90F-4745-9E2F-283414A42DE7} = {78A858F9-427E-427A-8B34-D82BB95A07D8}
		{5943A277-4DF4-4F65-9B1A-6D82A08BC48D} = {78A858F9-427E-427A-8B34-D82BB95A07D8}
		{0EBEBE74-5FCD-4110-91E6-6B3DA0C96C42} = {78A858F9-427E-427A-8B34-D82BB95A07D8}
		{1295EBC5-DAD4-42E5-878B-4C93D8660832} = {78A858F9-427E-427A-8B34-D82BB95A07D8}
		{D3313E5C-714B-4B66-98BA-EABDDA6395AD} = {78A858F9-427E-427A-8B34-D82BB95A07D8}
		{E391BE0C-5798-4E11-9718-D39F7F2C5339} = {78A858F9-427E-427A-8B34-D82BB95A07D8}
		{691A0EF4-E821-4B92-8DBB-E02CB60073C3} = {78A858F9-427E-427A-8B34-D82BB95A07D8}
		{D0856494-E3CD-45B9-9C9C-44583F913475} = {5D20AA90-6969-D8BD-9DCD-8634F4692FDA}
		{AFCBAC44-B083-49E5-B940-6C04E3DB6522} = {6711B2C7-0746-4A45-8E61-BA235480C06A}
		{9B607920-26A0-46EA-BA6A-A52EA72FAB36} = {6711B2C7-0746-4A45-8E61-BA235480C06A}
		{78A858F9-427E-427A-8B34-D82BB95A07D8} = {9B607920-26A0-46EA-BA6A-A52EA72FAB36}
		{46F3665D-1863-45DE-8783-C852D7EE5A4B} = {9B607920-26A0-46EA-BA6A-A52EA72FAB36}
		{CCB91316-FDFC-4C5D-A428-6CB50D575385} = {9B607920-26A0-46EA-BA6A-A52EA72FAB36}
		{180E77D5-9133-47E4-812A-6F7108994C48} = {5D20AA90-6969-D8BD-9DCD-8634F4692FDA}
		{4D7D304B-D522-463A-ADF0-67970F6AE7EC} = {9B607920-26A0-46EA-BA6A-A52EA72FAB36}
		{FB57F68E-FCB7-4A4F-9CDA-249334DEA331} = {9B607920-26A0-46EA-BA6A-A52EA72FAB36}
		{680D5D63-65D9-4AE0-90A6-73ECA1132B0B} = {9B607920-26A0-46EA-BA6A-A52EA72FAB36}
		{01A2F9D1-0AA5-4B94-A8EE-A39BDB597446} = {9B607920-26A0-46EA-BA6A-A52EA72FAB36}
	EndGlobalSection
	GlobalSection(ExtensibilityGlobals) = postSolution
		SolutionGuid = {3F2B5274-3B0F-4F73-B211-9BD128E1AF56}
	EndGlobalSection
EndGlobal
