
Microsoft Visual Studio Solution File, Format Version 12.00
# Visual Studio Version 17
VisualStudioVersion = 17.14.36221.1
MinimumVisualStudioVersion = 10.0.40219.1
Project("{2150E333-8FDC-42A3-9474-1A3956D46DE8}") = "src", "src", "{02EA681E-C7D8-13C7-8484-4AC65E1B71E8}"
EndProject
Project("{FAE04EC0-301F-11D3-BF4B-00C04F79EFBC}") = "Payments.Api", "src\Payments.Api\Payments.Api.csproj", "{16E9BEE5-FE93-491C-9929-EC8B27696B2D}"
EndProject
Project("{2150E333-8FDC-42A3-9474-1A3956D46DE8}") = "tests", "tests", "{078C600B-F558-4AC9-8CB0-C079D06E7525}"
EndProject
Project("{2150E333-8FDC-42A3-9474-1A3956D46DE8}") = "Solution Items", "Solution Items", "{8EC462FD-D22E-90A8-E5CE-7E832BA40C5D}"
	ProjectSection(SolutionItems) = preProject
		Directory.Build.props = Directory.Build.props
		Directory.Build.targets = Directory.Build.targets
	EndProjectSection
EndProject
Project("{FAE04EC0-301F-11D3-BF4B-00C04F79EFBC}") = "Payments.Business", "src\Payments.Business\Payments.Business.csproj", "{8D4AFE3D-61B1-40C8-9610-9A8BD8C3DD11}"
EndProject
Project("{FAE04EC0-301F-11D3-BF4B-00C04F79EFBC}") = "Payments.Domain", "src\Payments.Domain\Payments.Domain.csproj", "{54C84605-C3BB-4A89-B375-FA5DAF0D811B}"
EndProject
Project("{FAE04EC0-301F-11D3-BF4B-00C04F79EFBC}") = "Payments.Persistence", "src\Payments.Persistence\Payments.Persistence.csproj", "{A3006129-65AF-4661-A867-73B28DA76740}"
EndProject
Project("{FAE04EC0-301F-11D3-BF4B-00C04F79EFBC}") = "Payments.Tests", "tests\Payments.Tests\Payments.Tests.csproj", "{A8E19382-1B93-44E0-8E10-58C7D511C1B8}"
EndProject
Global
	GlobalSection(SolutionConfigurationPlatforms) = preSolution
		Debug|Any CPU = Debug|Any CPU
		Release|Any CPU = Release|Any CPU
	EndGlobalSection
	GlobalSection(ProjectConfigurationPlatforms) = postSolution
		{16E9BEE5-FE93-491C-9929-EC8B27696B2D}.Debug|Any CPU.ActiveCfg = Debug|Any CPU
		{16E9BEE5-FE93-491C-9929-EC8B27696B2D}.Debug|Any CPU.Build.0 = Debug|Any CPU
		{16E9BEE5-FE93-491C-9929-EC8B27696B2D}.Release|Any CPU.ActiveCfg = Release|Any CPU
		{16E9BEE5-FE93-491C-9929-EC8B27696B2D}.Release|Any CPU.Build.0 = Release|Any CPU
		{8D4AFE3D-61B1-40C8-9610-9A8BD8C3DD11}.Debug|Any CPU.ActiveCfg = Debug|Any CPU
		{8D4AFE3D-61B1-40C8-9610-9A8BD8C3DD11}.Debug|Any CPU.Build.0 = Debug|Any CPU
		{8D4AFE3D-61B1-40C8-9610-9A8BD8C3DD11}.Release|Any CPU.ActiveCfg = Release|Any CPU
		{8D4AFE3D-61B1-40C8-9610-9A8BD8C3DD11}.Release|Any CPU.Build.0 = Release|Any CPU
		{54C84605-C3BB-4A89-B375-FA5DAF0D811B}.Debug|Any CPU.ActiveCfg = Debug|Any CPU
		{54C84605-C3BB-4A89-B375-FA5DAF0D811B}.Debug|Any CPU.Build.0 = Debug|Any CPU
		{54C84605-C3BB-4A89-B375-FA5DAF0D811B}.Release|Any CPU.ActiveCfg = Release|Any CPU
		{54C84605-C3BB-4A89-B375-FA5DAF0D811B}.Release|Any CPU.Build.0 = Release|Any CPU
		{A3006129-65AF-4661-A867-73B28DA76740}.Debug|Any CPU.ActiveCfg = Debug|Any CPU
		{A3006129-65AF-4661-A867-73B28DA76740}.Debug|Any CPU.Build.0 = Debug|Any CPU
		{A3006129-65AF-4661-A867-73B28DA76740}.Release|Any CPU.ActiveCfg = Release|Any CPU
		{A3006129-65AF-4661-A867-73B28DA76740}.Release|Any CPU.Build.0 = Release|Any CPU
		{A8E19382-1B93-44E0-8E10-58C7D511C1B8}.Debug|Any CPU.ActiveCfg = Debug|Any CPU
		{A8E19382-1B93-44E0-8E10-58C7D511C1B8}.Debug|Any CPU.Build.0 = Debug|Any CPU
		{A8E19382-1B93-44E0-8E10-58C7D511C1B8}.Release|Any CPU.ActiveCfg = Release|Any CPU
		{A8E19382-1B93-44E0-8E10-58C7D511C1B8}.Release|Any CPU.Build.0 = Release|Any CPU
	EndGlobalSection
	GlobalSection(SolutionProperties) = preSolution
		HideSolutionNode = FALSE
	EndGlobalSection
	GlobalSection(NestedProjects) = preSolution
		{16E9BEE5-FE93-491C-9929-EC8B27696B2D} = {02EA681E-C7D8-13C7-8484-4AC65E1B71E8}
		{8D4AFE3D-61B1-40C8-9610-9A8BD8C3DD11} = {02EA681E-C7D8-13C7-8484-4AC65E1B71E8}
		{54C84605-C3BB-4A89-B375-FA5DAF0D811B} = {02EA681E-C7D8-13C7-8484-4AC65E1B71E8}
		{A3006129-65AF-4661-A867-73B28DA76740} = {02EA681E-C7D8-13C7-8484-4AC65E1B71E8}
		{A8E19382-1B93-44E0-8E10-58C7D511C1B8} = {078C600B-F558-4AC9-8CB0-C079D06E7525}
	EndGlobalSection
	GlobalSection(ExtensibilityGlobals) = postSolution
		SolutionGuid = {49C604B1-5DB6-4DBF-9368-490214BDE24B}
	EndGlobalSection
EndGlobal
